// !$*UTF8*$!
{
	archiveVersion = 1;
	classes = {
	};
	objectVersion = 55;
	objects = {

/* Begin PBXBuildFile section */
		419E21C6B2EBC4AF580E5418 /* Pods_BetterSleep_BetterSleepUITests.framework in Frameworks */ = {isa = PBXBuildFile; fileRef = F42B3C2F03B777C219E0A86A /* Pods_BetterSleep_BetterSleepUITests.framework */; };
		4ADF56C35739CCFA190D9152 /* Pods_BetterSleepTests.framework in Frameworks */ = {isa = PBXBuildFile; fileRef = 666E7E3219329C4527F2EB37 /* Pods_BetterSleepTests.framework */; };
		8B0913DC28B0CE550076B9F1 /* BsTabViewController.swift in Sources */ = {isa = PBXBuildFile; fileRef = 8B0913DB28B0CE550076B9F1 /* BsTabViewController.swift */; };
		8B098B9628A6DEB500E84A00 /* WelcomeViewController.swift in Sources */ = {isa = PBXBuildFile; fileRef = 8B098B9528A6DEB500E84A00 /* WelcomeViewController.swift */; };
		8B098B9928A79C9200E84A00 /* .swiftlint.yml in Resources */ = {isa = PBXBuildFile; fileRef = 8B098B9828A79C9200E84A00 /* .swiftlint.yml */; };
		8B3E3A9728C9AF230034D309 /* UICollectionView+Extension.swift in Sources */ = {isa = PBXBuildFile; fileRef = 8B3E3A9628C9AF230034D309 /* UICollectionView+Extension.swift */; };
		8B3E3AA328C9EA100034D309 /* HomeTVcell.swift in Sources */ = {isa = PBXBuildFile; fileRef = 8B3E3AA128C9EA100034D309 /* HomeTVcell.swift */; };
		8B3E3AA428C9EA100034D309 /* HomeTVcell.xib in Resources */ = {isa = PBXBuildFile; fileRef = 8B3E3AA228C9EA100034D309 /* HomeTVcell.xib */; };
		8B3E3AA628C9EACD0034D309 /* HomeTVviewModel.swift in Sources */ = {isa = PBXBuildFile; fileRef = 8B3E3AA528C9EACD0034D309 /* HomeTVviewModel.swift */; };
		8B3E3AA828C9F3200034D309 /* UITableView+Extension.swift in Sources */ = {isa = PBXBuildFile; fileRef = 8B3E3AA728C9F3200034D309 /* UITableView+Extension.swift */; };
		8B3E3AAD28C9FA420034D309 /* HomeCVCell.swift in Sources */ = {isa = PBXBuildFile; fileRef = 8B3E3AAB28C9FA420034D309 /* HomeCVCell.swift */; };
		8B3E3AAE28C9FA420034D309 /* HomeCVCell.xib in Resources */ = {isa = PBXBuildFile; fileRef = 8B3E3AAC28C9FA420034D309 /* HomeCVCell.xib */; };
		8B3E3AB028C9FA7A0034D309 /* HomeCVcellViewModel.swift in Sources */ = {isa = PBXBuildFile; fileRef = 8B3E3AAF28C9FA7A0034D309 /* HomeCVcellViewModel.swift */; };
		8B7F18B0289966D500C9CBFB /* AppDelegate.swift in Sources */ = {isa = PBXBuildFile; fileRef = 8B7F18AF289966D500C9CBFB /* AppDelegate.swift */; };
		8B7F18B2289966D500C9CBFB /* SceneDelegate.swift in Sources */ = {isa = PBXBuildFile; fileRef = 8B7F18B1289966D500C9CBFB /* SceneDelegate.swift */; };
		8B7F18B7289966D500C9CBFB /* Main.storyboard in Resources */ = {isa = PBXBuildFile; fileRef = 8B7F18B5289966D500C9CBFB /* Main.storyboard */; };
		8B7F18B9289966D700C9CBFB /* Assets.xcassets in Resources */ = {isa = PBXBuildFile; fileRef = 8B7F18B8289966D700C9CBFB /* Assets.xcassets */; };
		8B7F18BC289966D700C9CBFB /* LaunchScreen.storyboard in Resources */ = {isa = PBXBuildFile; fileRef = 8B7F18BA289966D700C9CBFB /* LaunchScreen.storyboard */; };
		8B7F18C7289966D800C9CBFB /* BetterSleepTests.swift in Sources */ = {isa = PBXBuildFile; fileRef = 8B7F18C6289966D800C9CBFB /* BetterSleepTests.swift */; };
		8B7F18D1289966D800C9CBFB /* BetterSleepUITests.swift in Sources */ = {isa = PBXBuildFile; fileRef = 8B7F18D0289966D800C9CBFB /* BetterSleepUITests.swift */; };
		8B7F18D3289966D800C9CBFB /* BetterSleepUITestsLaunchTests.swift in Sources */ = {isa = PBXBuildFile; fileRef = 8B7F18D2289966D800C9CBFB /* BetterSleepUITestsLaunchTests.swift */; };
		8B7F18ED28996E3800C9CBFB /* BetterSleepManager.swift in Sources */ = {isa = PBXBuildFile; fileRef = 8B7F18EC28996E3800C9CBFB /* BetterSleepManager.swift */; };
		8B7F18EF28996F8900C9CBFB /* Storyboards.swift in Sources */ = {isa = PBXBuildFile; fileRef = 8B7F18EE28996F8900C9CBFB /* Storyboards.swift */; };
		8B7F18F128996FBF00C9CBFB /* HomeViewController.swift in Sources */ = {isa = PBXBuildFile; fileRef = 8B7F18F028996FBF00C9CBFB /* HomeViewController.swift */; };
		8B7F18F42899A01400C9CBFB /* BS_Colors.swift in Sources */ = {isa = PBXBuildFile; fileRef = 8B7F18F32899A01400C9CBFB /* BS_Colors.swift */; };
		8B814C0828A2F028000AB670 /* Authentication.storyboard in Resources */ = {isa = PBXBuildFile; fileRef = 8B814C0728A2F028000AB670 /* Authentication.storyboard */; };
		8B814C3028A2F184000AB670 /* Montserrat-BoldItalic.otf in Resources */ = {isa = PBXBuildFile; fileRef = 8B814C0C28A2F180000AB670 /* Montserrat-BoldItalic.otf */; };
		8B814C3128A2F184000AB670 /* Montserrat-ThinItalic.otf in Resources */ = {isa = PBXBuildFile; fileRef = 8B814C0D28A2F180000AB670 /* Montserrat-ThinItalic.otf */; };
		8B814C3228A2F184000AB670 /* MontserratAlternates-Thin.otf in Resources */ = {isa = PBXBuildFile; fileRef = 8B814C0E28A2F180000AB670 /* MontserratAlternates-Thin.otf */; };
		8B814C3328A2F184000AB670 /* MontserratAlternates-ExtraLightItalic.otf in Resources */ = {isa = PBXBuildFile; fileRef = 8B814C0F28A2F180000AB670 /* MontserratAlternates-ExtraLightItalic.otf */; };
		8B814C3428A2F184000AB670 /* MontserratAlternates-LightItalic.otf in Resources */ = {isa = PBXBuildFile; fileRef = 8B814C1028A2F181000AB670 /* MontserratAlternates-LightItalic.otf */; };
		8B814C3528A2F184000AB670 /* MontserratAlternates-ExtraLight.otf in Resources */ = {isa = PBXBuildFile; fileRef = 8B814C1128A2F181000AB670 /* MontserratAlternates-ExtraLight.otf */; };
		8B814C3628A2F184000AB670 /* MontserratAlternates-Regular.otf in Resources */ = {isa = PBXBuildFile; fileRef = 8B814C1228A2F181000AB670 /* MontserratAlternates-Regular.otf */; };
		8B814C3728A2F184000AB670 /* Montserrat-Black.otf in Resources */ = {isa = PBXBuildFile; fileRef = 8B814C1328A2F181000AB670 /* Montserrat-Black.otf */; };
		8B814C3828A2F184000AB670 /* Montserrat-SemiBold.otf in Resources */ = {isa = PBXBuildFile; fileRef = 8B814C1428A2F181000AB670 /* Montserrat-SemiBold.otf */; };
		8B814C3928A2F184000AB670 /* Montserrat-Bold.otf in Resources */ = {isa = PBXBuildFile; fileRef = 8B814C1528A2F181000AB670 /* Montserrat-Bold.otf */; };
		8B814C3A28A2F184000AB670 /* Montserrat-Thin.otf in Resources */ = {isa = PBXBuildFile; fileRef = 8B814C1628A2F181000AB670 /* Montserrat-Thin.otf */; };
		8B814C3B28A2F184000AB670 /* Montserrat-ExtraLightItalic.otf in Resources */ = {isa = PBXBuildFile; fileRef = 8B814C1728A2F181000AB670 /* Montserrat-ExtraLightItalic.otf */; };
		8B814C3C28A2F184000AB670 /* MontserratAlternates-BlackItalic.otf in Resources */ = {isa = PBXBuildFile; fileRef = 8B814C1828A2F181000AB670 /* MontserratAlternates-BlackItalic.otf */; };
		8B814C3D28A2F184000AB670 /* MontserratAlternates-ThinItalic.otf in Resources */ = {isa = PBXBuildFile; fileRef = 8B814C1928A2F181000AB670 /* MontserratAlternates-ThinItalic.otf */; };
		8B814C3E28A2F184000AB670 /* MontserratAlternates-Bold.otf in Resources */ = {isa = PBXBuildFile; fileRef = 8B814C1A28A2F181000AB670 /* MontserratAlternates-Bold.otf */; };
		8B814C3F28A2F184000AB670 /* Montserrat-ExtraBold.otf in Resources */ = {isa = PBXBuildFile; fileRef = 8B814C1B28A2F182000AB670 /* Montserrat-ExtraBold.otf */; };
		8B814C4028A2F184000AB670 /* MontserratAlternates-ExtraBoldItalic.otf in Resources */ = {isa = PBXBuildFile; fileRef = 8B814C1C28A2F182000AB670 /* MontserratAlternates-ExtraBoldItalic.otf */; };
		8B814C4128A2F184000AB670 /* Montserrat-SemiBoldItalic.otf in Resources */ = {isa = PBXBuildFile; fileRef = 8B814C1D28A2F182000AB670 /* Montserrat-SemiBoldItalic.otf */; };
		8B814C4228A2F184000AB670 /* Montserrat-LightItalic.otf in Resources */ = {isa = PBXBuildFile; fileRef = 8B814C1E28A2F182000AB670 /* Montserrat-LightItalic.otf */; };
		8B814C4328A2F184000AB670 /* Montserrat-ExtraLight.otf in Resources */ = {isa = PBXBuildFile; fileRef = 8B814C1F28A2F182000AB670 /* Montserrat-ExtraLight.otf */; };
		8B814C4428A2F184000AB670 /* MontserratAlternates-SemiBoldItalic.otf in Resources */ = {isa = PBXBuildFile; fileRef = 8B814C2028A2F182000AB670 /* MontserratAlternates-SemiBoldItalic.otf */; };
		8B814C4528A2F184000AB670 /* Montserrat-ExtraBoldItalic.otf in Resources */ = {isa = PBXBuildFile; fileRef = 8B814C2128A2F182000AB670 /* Montserrat-ExtraBoldItalic.otf */; };
		8B814C4628A2F184000AB670 /* Montserrat-Medium.otf in Resources */ = {isa = PBXBuildFile; fileRef = 8B814C2228A2F182000AB670 /* Montserrat-Medium.otf */; };
		8B814C4728A2F184000AB670 /* MontserratAlternates-SemiBold.otf in Resources */ = {isa = PBXBuildFile; fileRef = 8B814C2328A2F182000AB670 /* MontserratAlternates-SemiBold.otf */; };
		8B814C4828A2F184000AB670 /* Montserrat-Italic.otf in Resources */ = {isa = PBXBuildFile; fileRef = 8B814C2428A2F182000AB670 /* Montserrat-Italic.otf */; };
		8B814C4928A2F184000AB670 /* Montserrat-BlackItalic.otf in Resources */ = {isa = PBXBuildFile; fileRef = 8B814C2528A2F183000AB670 /* Montserrat-BlackItalic.otf */; };
		8B814C4A28A2F184000AB670 /* MontserratAlternates-Black.otf in Resources */ = {isa = PBXBuildFile; fileRef = 8B814C2628A2F183000AB670 /* MontserratAlternates-Black.otf */; };
		8B814C4B28A2F184000AB670 /* Montserrat-Regular.otf in Resources */ = {isa = PBXBuildFile; fileRef = 8B814C2728A2F183000AB670 /* Montserrat-Regular.otf */; };
		8B814C4C28A2F184000AB670 /* MontserratAlternates-BoldItalic.otf in Resources */ = {isa = PBXBuildFile; fileRef = 8B814C2828A2F183000AB670 /* MontserratAlternates-BoldItalic.otf */; };
		8B814C4D28A2F184000AB670 /* MontserratAlternates-ExtraBold.otf in Resources */ = {isa = PBXBuildFile; fileRef = 8B814C2928A2F183000AB670 /* MontserratAlternates-ExtraBold.otf */; };
		8B814C4E28A2F184000AB670 /* MontserratAlternates-Italic.otf in Resources */ = {isa = PBXBuildFile; fileRef = 8B814C2A28A2F183000AB670 /* MontserratAlternates-Italic.otf */; };
		8B814C4F28A2F184000AB670 /* MontserratAlternates-Medium.otf in Resources */ = {isa = PBXBuildFile; fileRef = 8B814C2B28A2F184000AB670 /* MontserratAlternates-Medium.otf */; };
		8B814C5028A2F184000AB670 /* Montserrat-Light.otf in Resources */ = {isa = PBXBuildFile; fileRef = 8B814C2C28A2F184000AB670 /* Montserrat-Light.otf */; };
		8B814C5128A2F184000AB670 /* MontserratAlternates-Light.otf in Resources */ = {isa = PBXBuildFile; fileRef = 8B814C2D28A2F184000AB670 /* MontserratAlternates-Light.otf */; };
		8B814C5228A2F184000AB670 /* Montserrat-MediumItalic.otf in Resources */ = {isa = PBXBuildFile; fileRef = 8B814C2E28A2F184000AB670 /* Montserrat-MediumItalic.otf */; };
		8B814C5328A2F184000AB670 /* MontserratAlternates-MediumItalic.otf in Resources */ = {isa = PBXBuildFile; fileRef = 8B814C2F28A2F184000AB670 /* MontserratAlternates-MediumItalic.otf */; };
		8B814C5728A2FE8A000AB670 /* CardView.swift in Sources */ = {isa = PBXBuildFile; fileRef = 8B814C5528A2FE8A000AB670 /* CardView.swift */; };
		8B814C5828A2FE8A000AB670 /* DesignableView.swift in Sources */ = {isa = PBXBuildFile; fileRef = 8B814C5628A2FE8A000AB670 /* DesignableView.swift */; };
		8B814C5A28A2FF62000AB670 /* Constants.swift in Sources */ = {isa = PBXBuildFile; fileRef = 8B814C5928A2FF62000AB670 /* Constants.swift */; };
		8B814C6C28A302F7000AB670 /* Roboto-Light.ttf in Resources */ = {isa = PBXBuildFile; fileRef = 8B814C6028A302F6000AB670 /* Roboto-Light.ttf */; };
		8B814C6D28A302F7000AB670 /* Roboto-ThinItalic.ttf in Resources */ = {isa = PBXBuildFile; fileRef = 8B814C6128A302F6000AB670 /* Roboto-ThinItalic.ttf */; };
		8B814C6E28A302F7000AB670 /* Roboto-BlackItalic.ttf in Resources */ = {isa = PBXBuildFile; fileRef = 8B814C6228A302F6000AB670 /* Roboto-BlackItalic.ttf */; };
		8B814C6F28A302F7000AB670 /* Roboto-LightItalic.ttf in Resources */ = {isa = PBXBuildFile; fileRef = 8B814C6328A302F6000AB670 /* Roboto-LightItalic.ttf */; };
		8B814C7028A302F7000AB670 /* Roboto-Medium.ttf in Resources */ = {isa = PBXBuildFile; fileRef = 8B814C6428A302F6000AB670 /* Roboto-Medium.ttf */; };
		8B814C7128A302F7000AB670 /* Roboto-Italic.ttf in Resources */ = {isa = PBXBuildFile; fileRef = 8B814C6528A302F6000AB670 /* Roboto-Italic.ttf */; };
		8B814C7228A302F7000AB670 /* Roboto-Thin.ttf in Resources */ = {isa = PBXBuildFile; fileRef = 8B814C6628A302F6000AB670 /* Roboto-Thin.ttf */; };
		8B814C7328A302F7000AB670 /* Roboto-Black.ttf in Resources */ = {isa = PBXBuildFile; fileRef = 8B814C6728A302F6000AB670 /* Roboto-Black.ttf */; };
		8B814C7428A302F7000AB670 /* Roboto-BoldItalic.ttf in Resources */ = {isa = PBXBuildFile; fileRef = 8B814C6828A302F6000AB670 /* Roboto-BoldItalic.ttf */; };
		8B814C7528A302F7000AB670 /* Roboto-Regular.ttf in Resources */ = {isa = PBXBuildFile; fileRef = 8B814C6928A302F6000AB670 /* Roboto-Regular.ttf */; };
		8B814C7628A302F7000AB670 /* Roboto-Bold.ttf in Resources */ = {isa = PBXBuildFile; fileRef = 8B814C6A28A302F6000AB670 /* Roboto-Bold.ttf */; };
		8B814C7728A302F7000AB670 /* Roboto-MediumItalic.ttf in Resources */ = {isa = PBXBuildFile; fileRef = 8B814C6B28A302F7000AB670 /* Roboto-MediumItalic.ttf */; };
		8B814C7928A3079F000AB670 /* UIView+Extension.swift in Sources */ = {isa = PBXBuildFile; fileRef = 8B814C7828A3079F000AB670 /* UIView+Extension.swift */; };
		8B94651428A7A67800D3C457 /* BSBaseViewController.swift in Sources */ = {isa = PBXBuildFile; fileRef = 8B94651328A7A67800D3C457 /* BSBaseViewController.swift */; };
		8B9C195128A9125F0094EAF7 /* LoginRequestDTO.swift in Sources */ = {isa = PBXBuildFile; fileRef = 8B9C195028A9125F0094EAF7 /* LoginRequestDTO.swift */; };
		8B9C195328A912A60094EAF7 /* LoginValidator.swift in Sources */ = {isa = PBXBuildFile; fileRef = 8B9C195228A912A60094EAF7 /* LoginValidator.swift */; };
		8B9C195528A913060094EAF7 /* String+Extension.swift in Sources */ = {isa = PBXBuildFile; fileRef = 8B9C195428A913060094EAF7 /* String+Extension.swift */; };
		8B9C195828A91AF10094EAF7 /* AlertHandler.swift in Sources */ = {isa = PBXBuildFile; fileRef = 8B9C195728A91AF10094EAF7 /* AlertHandler.swift */; };
		8B9C195A28A91B4A0094EAF7 /* TypeAliase.swift in Sources */ = {isa = PBXBuildFile; fileRef = 8B9C195928A91B4A0094EAF7 /* TypeAliase.swift */; };
		8B9C195C28A92F1C0094EAF7 /* BS_Images.swift in Sources */ = {isa = PBXBuildFile; fileRef = 8B9C195B28A92F1C0094EAF7 /* BS_Images.swift */; };
		8B9C195E28A94AE50094EAF7 /* SignUpRequestDto.swift in Sources */ = {isa = PBXBuildFile; fileRef = 8B9C195D28A94AE50094EAF7 /* SignUpRequestDto.swift */; };
		8B9C196028A94B1F0094EAF7 /* SignUpValidator.swift in Sources */ = {isa = PBXBuildFile; fileRef = 8B9C195F28A94B1F0094EAF7 /* SignUpValidator.swift */; };
		8BB46995291A2CF0009E7769 /* HomeDetail.storyboard in Resources */ = {isa = PBXBuildFile; fileRef = 8BB46994291A2CF0009E7769 /* HomeDetail.storyboard */; };
		8BEFEE0228B8EA5C004CB01A /* HomeViewModel.swift in Sources */ = {isa = PBXBuildFile; fileRef = 8BEFEE0128B8EA5C004CB01A /* HomeViewModel.swift */; };
		8BF0CED728A8176C00EEC2A4 /* WelcomeViewModel.swift in Sources */ = {isa = PBXBuildFile; fileRef = 8BF0CED628A8176C00EEC2A4 /* WelcomeViewModel.swift */; };
		8BF0CEDA28A817AC00EEC2A4 /* Reactive+Helper.swift in Sources */ = {isa = PBXBuildFile; fileRef = 8BF0CED828A817AC00EEC2A4 /* Reactive+Helper.swift */; };
		8BF0CEDB28A817AC00EEC2A4 /* RxArray.swift in Sources */ = {isa = PBXBuildFile; fileRef = 8BF0CED928A817AC00EEC2A4 /* RxArray.swift */; };
		8BF0CEDD28A817FA00EEC2A4 /* BSBaseViewModel.swift in Sources */ = {isa = PBXBuildFile; fileRef = 8BF0CEDC28A817FA00EEC2A4 /* BSBaseViewModel.swift */; };
		8BF0CEE028A81FC300EEC2A4 /* LoginViewController.swift in Sources */ = {isa = PBXBuildFile; fileRef = 8BF0CEDF28A81FC300EEC2A4 /* LoginViewController.swift */; };
		8BF0CEE228A81FDB00EEC2A4 /* LoginViewModel.swift in Sources */ = {isa = PBXBuildFile; fileRef = 8BF0CEE128A81FDB00EEC2A4 /* LoginViewModel.swift */; };
		8BF0CEE428A827A300EEC2A4 /* UIButton+Extesnion.swift in Sources */ = {isa = PBXBuildFile; fileRef = 8BF0CEE328A827A300EEC2A4 /* UIButton+Extesnion.swift */; };
		8BF0CEE728A839C400EEC2A4 /* SignUpViewController.swift in Sources */ = {isa = PBXBuildFile; fileRef = 8BF0CEE628A839C400EEC2A4 /* SignUpViewController.swift */; };
		8BF0CEE928A839D900EEC2A4 /* SignUpViewModel.swift in Sources */ = {isa = PBXBuildFile; fileRef = 8BF0CEE828A839D900EEC2A4 /* SignUpViewModel.swift */; };
		A7B9103D1F154A98EDBCF62A /* Pods_BetterSleep.framework in Frameworks */ = {isa = PBXBuildFile; fileRef = 9F5785248BC1F3E5BC559F4C /* Pods_BetterSleep.framework */; };
		F418429B2916C6CB00164817 /* SleepViewController.swift in Sources */ = {isa = PBXBuildFile; fileRef = F418429A2916C6CB00164817 /* SleepViewController.swift */; };
		F4CD4E3129D35B1300197A55 /* UITextFeild + Extension.swift in Sources */ = {isa = PBXBuildFile; fileRef = F4CD4E3029D35B1300197A55 /* UITextFeild + Extension.swift */; };
		F606653B2A5AD9F900D8E780 /* Utility.swift in Sources */ = {isa = PBXBuildFile; fileRef = F606653A2A5AD9F900D8E780 /* Utility.swift */; };
		F606653D2A5AF28C00D8E780 /* UINotification + extension.swift in Sources */ = {isa = PBXBuildFile; fileRef = F606653C2A5AF28C00D8E780 /* UINotification + extension.swift */; };
		F606653F2A5B436500D8E780 /* UIImage + extension.swift in Sources */ = {isa = PBXBuildFile; fileRef = F606653E2A5B436500D8E780 /* UIImage + extension.swift */; };
		F655B6062A54B021002B54BE /* UIResponder + Extension.swift in Sources */ = {isa = PBXBuildFile; fileRef = F655B6052A54B021002B54BE /* UIResponder + Extension.swift */; };
		F655B6082A54B105002B54BE /* HomeDetailViewController.swift in Sources */ = {isa = PBXBuildFile; fileRef = F655B6072A54B105002B54BE /* HomeDetailViewController.swift */; };
		F655B60D2A54B704002B54BE /* HomeDetailViewModel.swift in Sources */ = {isa = PBXBuildFile; fileRef = F655B60C2A54B704002B54BE /* HomeDetailViewModel.swift */; };
		F69874502A5735E900B71CF1 /* NetworkManager.swift in Sources */ = {isa = PBXBuildFile; fileRef = F698744F2A5735E900B71CF1 /* NetworkManager.swift */; };
		F69874532A57371400B71CF1 /* Headers.swift in Sources */ = {isa = PBXBuildFile; fileRef = F69874522A57371400B71CF1 /* Headers.swift */; };
		F69874562A5737EF00B71CF1 /* AlomofireManager.swift in Sources */ = {isa = PBXBuildFile; fileRef = F69874552A5737EF00B71CF1 /* AlomofireManager.swift */; };
		F698745A2A57382E00B71CF1 /* AlamofireLogger.swift in Sources */ = {isa = PBXBuildFile; fileRef = F69874592A57382E00B71CF1 /* AlamofireLogger.swift */; };
		F698745C2A57396000B71CF1 /* MonitorNetwork.swift in Sources */ = {isa = PBXBuildFile; fileRef = F698745B2A57396000B71CF1 /* MonitorNetwork.swift */; };
		F698745F2A573A0200B71CF1 /* AppDefaults.swift in Sources */ = {isa = PBXBuildFile; fileRef = F698745E2A573A0200B71CF1 /* AppDefaults.swift */; };
		F69874612A573D3900B71CF1 /* Dictionary + Extension.swift in Sources */ = {isa = PBXBuildFile; fileRef = F69874602A573D3900B71CF1 /* Dictionary + Extension.swift */; };
		F69874632A573D6000B71CF1 /* URL + Extension.swift in Sources */ = {isa = PBXBuildFile; fileRef = F69874622A573D6000B71CF1 /* URL + Extension.swift */; };
		F69874A72A5743BF00B71CF1 /* EndPoint.swift in Sources */ = {isa = PBXBuildFile; fileRef = F69874A62A5743BF00B71CF1 /* EndPoint.swift */; };
		F69874A92A5743D400B71CF1 /* EndPointType.swift in Sources */ = {isa = PBXBuildFile; fileRef = F69874A82A5743D400B71CF1 /* EndPointType.swift */; };
		F69874AB2A5743E100B71CF1 /* ApiUrl.swift in Sources */ = {isa = PBXBuildFile; fileRef = F69874AA2A5743E100B71CF1 /* ApiUrl.swift */; };
		F69874AD2A5743F000B71CF1 /* RequestedUrl.swift in Sources */ = {isa = PBXBuildFile; fileRef = F69874AC2A5743F000B71CF1 /* RequestedUrl.swift */; };
		F69874AF2A5745F100B71CF1 /* AppConfiguration.swift in Sources */ = {isa = PBXBuildFile; fileRef = F69874AE2A5745F100B71CF1 /* AppConfiguration.swift */; };
		F69874BD2A57545200B71CF1 /* Hits.swift in Sources */ = {isa = PBXBuildFile; fileRef = F69874B02A57545100B71CF1 /* Hits.swift */; };
		F69874BE2A57545200B71CF1 /* Images.swift in Sources */ = {isa = PBXBuildFile; fileRef = F69874B12A57545100B71CF1 /* Images.swift */; };
		F69874BF2A57545200B71CF1 /* Providers.swift in Sources */ = {isa = PBXBuildFile; fileRef = F69874B22A57545100B71CF1 /* Providers.swift */; };
		F69874C02A57545200B71CF1 /* Beacondata.swift in Sources */ = {isa = PBXBuildFile; fileRef = F69874B32A57545100B71CF1 /* Beacondata.swift */; };
		F69874C12A57545200B71CF1 /* Artist.swift in Sources */ = {isa = PBXBuildFile; fileRef = F69874B42A57545100B71CF1 /* Artist.swift */; };
		F69874C22A57545200B71CF1 /* Tracks.swift in Sources */ = {isa = PBXBuildFile; fileRef = F69874B52A57545100B71CF1 /* Tracks.swift */; };
		F69874C32A57545200B71CF1 /* Track.swift in Sources */ = {isa = PBXBuildFile; fileRef = F69874B62A57545100B71CF1 /* Track.swift */; };
		F69874C42A57545200B71CF1 /* Hub.swift in Sources */ = {isa = PBXBuildFile; fileRef = F69874B72A57545100B71CF1 /* Hub.swift */; };
		F69874C52A57545200B71CF1 /* Share.swift in Sources */ = {isa = PBXBuildFile; fileRef = F69874B82A57545100B71CF1 /* Share.swift */; };
		F69874C62A57545200B71CF1 /* Actions.swift in Sources */ = {isa = PBXBuildFile; fileRef = F69874B92A57545100B71CF1 /* Actions.swift */; };
		F69874C72A57545200B71CF1 /* SleepMediation.swift in Sources */ = {isa = PBXBuildFile; fileRef = F69874BA2A57545100B71CF1 /* SleepMediation.swift */; };
		F69874C82A57545200B71CF1 /* Options.swift in Sources */ = {isa = PBXBuildFile; fileRef = F69874BB2A57545100B71CF1 /* Options.swift */; };
		F69874C92A57545200B71CF1 /* Artists.swift in Sources */ = {isa = PBXBuildFile; fileRef = F69874BC2A57545100B71CF1 /* Artists.swift */; };
		F69874CB2A5754B400B71CF1 /* SleepMediationRepository.swift in Sources */ = {isa = PBXBuildFile; fileRef = F69874CA2A5754B400B71CF1 /* SleepMediationRepository.swift */; };
/* End PBXBuildFile section */

/* Begin PBXContainerItemProxy section */
		8B7F18C3289966D800C9CBFB /* PBXContainerItemProxy */ = {
			isa = PBXContainerItemProxy;
			containerPortal = 8B7F18A4289966D500C9CBFB /* Project object */;
			proxyType = 1;
			remoteGlobalIDString = 8B7F18AB289966D500C9CBFB;
			remoteInfo = BetterSleep;
		};
		8B7F18CD289966D800C9CBFB /* PBXContainerItemProxy */ = {
			isa = PBXContainerItemProxy;
			containerPortal = 8B7F18A4289966D500C9CBFB /* Project object */;
			proxyType = 1;
			remoteGlobalIDString = 8B7F18AB289966D500C9CBFB;
			remoteInfo = BetterSleep;
		};
/* End PBXContainerItemProxy section */

/* Begin PBXFileReference section */
		2E609F8E53724C5D5249225C /* Pods-BetterSleepTests.release.xcconfig */ = {isa = PBXFileReference; includeInIndex = 1; lastKnownFileType = text.xcconfig; name = "Pods-BetterSleepTests.release.xcconfig"; path = "Target Support Files/Pods-BetterSleepTests/Pods-BetterSleepTests.release.xcconfig"; sourceTree = "<group>"; };
		3786853D867DD0B900124271 /* Pods-BetterSleepTests.debug.xcconfig */ = {isa = PBXFileReference; includeInIndex = 1; lastKnownFileType = text.xcconfig; name = "Pods-BetterSleepTests.debug.xcconfig"; path = "Target Support Files/Pods-BetterSleepTests/Pods-BetterSleepTests.debug.xcconfig"; sourceTree = "<group>"; };
		40160B7831EB4CA6137218A2 /* Pods-BetterSleep.debug.xcconfig */ = {isa = PBXFileReference; includeInIndex = 1; lastKnownFileType = text.xcconfig; name = "Pods-BetterSleep.debug.xcconfig"; path = "Target Support Files/Pods-BetterSleep/Pods-BetterSleep.debug.xcconfig"; sourceTree = "<group>"; };
		666E7E3219329C4527F2EB37 /* Pods_BetterSleepTests.framework */ = {isa = PBXFileReference; explicitFileType = wrapper.framework; includeInIndex = 0; path = Pods_BetterSleepTests.framework; sourceTree = BUILT_PRODUCTS_DIR; };
		8B0913DB28B0CE550076B9F1 /* BsTabViewController.swift */ = {isa = PBXFileReference; lastKnownFileType = sourcecode.swift; path = BsTabViewController.swift; sourceTree = "<group>"; };
		8B098B9528A6DEB500E84A00 /* WelcomeViewController.swift */ = {isa = PBXFileReference; lastKnownFileType = sourcecode.swift; path = WelcomeViewController.swift; sourceTree = "<group>"; };
		8B098B9828A79C9200E84A00 /* .swiftlint.yml */ = {isa = PBXFileReference; fileEncoding = 4; lastKnownFileType = text.yaml; path = .swiftlint.yml; sourceTree = "<group>"; };
		8B3E3A9628C9AF230034D309 /* UICollectionView+Extension.swift */ = {isa = PBXFileReference; fileEncoding = 4; lastKnownFileType = sourcecode.swift; path = "UICollectionView+Extension.swift"; sourceTree = "<group>"; };
		8B3E3AA128C9EA100034D309 /* HomeTVcell.swift */ = {isa = PBXFileReference; lastKnownFileType = sourcecode.swift; path = HomeTVcell.swift; sourceTree = "<group>"; };
		8B3E3AA228C9EA100034D309 /* HomeTVcell.xib */ = {isa = PBXFileReference; lastKnownFileType = file.xib; path = HomeTVcell.xib; sourceTree = "<group>"; };
		8B3E3AA528C9EACD0034D309 /* HomeTVviewModel.swift */ = {isa = PBXFileReference; lastKnownFileType = sourcecode.swift; path = HomeTVviewModel.swift; sourceTree = "<group>"; };
		8B3E3AA728C9F3200034D309 /* UITableView+Extension.swift */ = {isa = PBXFileReference; fileEncoding = 4; lastKnownFileType = sourcecode.swift; path = "UITableView+Extension.swift"; sourceTree = "<group>"; };
		8B3E3AAB28C9FA420034D309 /* HomeCVCell.swift */ = {isa = PBXFileReference; lastKnownFileType = sourcecode.swift; path = HomeCVCell.swift; sourceTree = "<group>"; };
		8B3E3AAC28C9FA420034D309 /* HomeCVCell.xib */ = {isa = PBXFileReference; lastKnownFileType = file.xib; path = HomeCVCell.xib; sourceTree = "<group>"; };
		8B3E3AAF28C9FA7A0034D309 /* HomeCVcellViewModel.swift */ = {isa = PBXFileReference; lastKnownFileType = sourcecode.swift; path = HomeCVcellViewModel.swift; sourceTree = "<group>"; };
		8B7F18AC289966D500C9CBFB /* BetterSleep.app */ = {isa = PBXFileReference; explicitFileType = wrapper.application; includeInIndex = 0; path = BetterSleep.app; sourceTree = BUILT_PRODUCTS_DIR; };
		8B7F18AF289966D500C9CBFB /* AppDelegate.swift */ = {isa = PBXFileReference; lastKnownFileType = sourcecode.swift; path = AppDelegate.swift; sourceTree = "<group>"; };
		8B7F18B1289966D500C9CBFB /* SceneDelegate.swift */ = {isa = PBXFileReference; lastKnownFileType = sourcecode.swift; path = SceneDelegate.swift; sourceTree = "<group>"; };
		8B7F18B6289966D500C9CBFB /* Base */ = {isa = PBXFileReference; lastKnownFileType = file.storyboard; name = Base; path = Base.lproj/Main.storyboard; sourceTree = "<group>"; };
		8B7F18B8289966D700C9CBFB /* Assets.xcassets */ = {isa = PBXFileReference; lastKnownFileType = folder.assetcatalog; path = Assets.xcassets; sourceTree = "<group>"; };
		8B7F18BB289966D700C9CBFB /* Base */ = {isa = PBXFileReference; lastKnownFileType = file.storyboard; name = Base; path = Base.lproj/LaunchScreen.storyboard; sourceTree = "<group>"; };
		8B7F18BD289966D700C9CBFB /* Info.plist */ = {isa = PBXFileReference; lastKnownFileType = text.plist.xml; path = Info.plist; sourceTree = "<group>"; };
		8B7F18C2289966D800C9CBFB /* BetterSleepTests.xctest */ = {isa = PBXFileReference; explicitFileType = wrapper.cfbundle; includeInIndex = 0; path = BetterSleepTests.xctest; sourceTree = BUILT_PRODUCTS_DIR; };
		8B7F18C6289966D800C9CBFB /* BetterSleepTests.swift */ = {isa = PBXFileReference; lastKnownFileType = sourcecode.swift; path = BetterSleepTests.swift; sourceTree = "<group>"; };
		8B7F18CC289966D800C9CBFB /* BetterSleepUITests.xctest */ = {isa = PBXFileReference; explicitFileType = wrapper.cfbundle; includeInIndex = 0; path = BetterSleepUITests.xctest; sourceTree = BUILT_PRODUCTS_DIR; };
		8B7F18D0289966D800C9CBFB /* BetterSleepUITests.swift */ = {isa = PBXFileReference; lastKnownFileType = sourcecode.swift; path = BetterSleepUITests.swift; sourceTree = "<group>"; };
		8B7F18D2289966D800C9CBFB /* BetterSleepUITestsLaunchTests.swift */ = {isa = PBXFileReference; lastKnownFileType = sourcecode.swift; path = BetterSleepUITestsLaunchTests.swift; sourceTree = "<group>"; };
		8B7F18EC28996E3800C9CBFB /* BetterSleepManager.swift */ = {isa = PBXFileReference; lastKnownFileType = sourcecode.swift; path = BetterSleepManager.swift; sourceTree = "<group>"; };
		8B7F18EE28996F8900C9CBFB /* Storyboards.swift */ = {isa = PBXFileReference; fileEncoding = 4; lastKnownFileType = sourcecode.swift; path = Storyboards.swift; sourceTree = "<group>"; };
		8B7F18F028996FBF00C9CBFB /* HomeViewController.swift */ = {isa = PBXFileReference; lastKnownFileType = sourcecode.swift; path = HomeViewController.swift; sourceTree = "<group>"; };
		8B7F18F32899A01400C9CBFB /* BS_Colors.swift */ = {isa = PBXFileReference; lastKnownFileType = sourcecode.swift; path = BS_Colors.swift; sourceTree = "<group>"; };
		8B814C0728A2F028000AB670 /* Authentication.storyboard */ = {isa = PBXFileReference; lastKnownFileType = file.storyboard; path = Authentication.storyboard; sourceTree = "<group>"; };
		8B814C0C28A2F180000AB670 /* Montserrat-BoldItalic.otf */ = {isa = PBXFileReference; lastKnownFileType = file; path = "Montserrat-BoldItalic.otf"; sourceTree = "<group>"; };
		8B814C0D28A2F180000AB670 /* Montserrat-ThinItalic.otf */ = {isa = PBXFileReference; lastKnownFileType = file; path = "Montserrat-ThinItalic.otf"; sourceTree = "<group>"; };
		8B814C0E28A2F180000AB670 /* MontserratAlternates-Thin.otf */ = {isa = PBXFileReference; lastKnownFileType = file; path = "MontserratAlternates-Thin.otf"; sourceTree = "<group>"; };
		8B814C0F28A2F180000AB670 /* MontserratAlternates-ExtraLightItalic.otf */ = {isa = PBXFileReference; lastKnownFileType = file; path = "MontserratAlternates-ExtraLightItalic.otf"; sourceTree = "<group>"; };
		8B814C1028A2F181000AB670 /* MontserratAlternates-LightItalic.otf */ = {isa = PBXFileReference; lastKnownFileType = file; path = "MontserratAlternates-LightItalic.otf"; sourceTree = "<group>"; };
		8B814C1128A2F181000AB670 /* MontserratAlternates-ExtraLight.otf */ = {isa = PBXFileReference; lastKnownFileType = file; path = "MontserratAlternates-ExtraLight.otf"; sourceTree = "<group>"; };
		8B814C1228A2F181000AB670 /* MontserratAlternates-Regular.otf */ = {isa = PBXFileReference; lastKnownFileType = file; path = "MontserratAlternates-Regular.otf"; sourceTree = "<group>"; };
		8B814C1328A2F181000AB670 /* Montserrat-Black.otf */ = {isa = PBXFileReference; lastKnownFileType = file; path = "Montserrat-Black.otf"; sourceTree = "<group>"; };
		8B814C1428A2F181000AB670 /* Montserrat-SemiBold.otf */ = {isa = PBXFileReference; lastKnownFileType = file; path = "Montserrat-SemiBold.otf"; sourceTree = "<group>"; };
		8B814C1528A2F181000AB670 /* Montserrat-Bold.otf */ = {isa = PBXFileReference; lastKnownFileType = file; path = "Montserrat-Bold.otf"; sourceTree = "<group>"; };
		8B814C1628A2F181000AB670 /* Montserrat-Thin.otf */ = {isa = PBXFileReference; lastKnownFileType = file; path = "Montserrat-Thin.otf"; sourceTree = "<group>"; };
		8B814C1728A2F181000AB670 /* Montserrat-ExtraLightItalic.otf */ = {isa = PBXFileReference; lastKnownFileType = file; path = "Montserrat-ExtraLightItalic.otf"; sourceTree = "<group>"; };
		8B814C1828A2F181000AB670 /* MontserratAlternates-BlackItalic.otf */ = {isa = PBXFileReference; lastKnownFileType = file; path = "MontserratAlternates-BlackItalic.otf"; sourceTree = "<group>"; };
		8B814C1928A2F181000AB670 /* MontserratAlternates-ThinItalic.otf */ = {isa = PBXFileReference; lastKnownFileType = file; path = "MontserratAlternates-ThinItalic.otf"; sourceTree = "<group>"; };
		8B814C1A28A2F181000AB670 /* MontserratAlternates-Bold.otf */ = {isa = PBXFileReference; lastKnownFileType = file; path = "MontserratAlternates-Bold.otf"; sourceTree = "<group>"; };
		8B814C1B28A2F182000AB670 /* Montserrat-ExtraBold.otf */ = {isa = PBXFileReference; lastKnownFileType = file; path = "Montserrat-ExtraBold.otf"; sourceTree = "<group>"; };
		8B814C1C28A2F182000AB670 /* MontserratAlternates-ExtraBoldItalic.otf */ = {isa = PBXFileReference; lastKnownFileType = file; path = "MontserratAlternates-ExtraBoldItalic.otf"; sourceTree = "<group>"; };
		8B814C1D28A2F182000AB670 /* Montserrat-SemiBoldItalic.otf */ = {isa = PBXFileReference; lastKnownFileType = file; path = "Montserrat-SemiBoldItalic.otf"; sourceTree = "<group>"; };
		8B814C1E28A2F182000AB670 /* Montserrat-LightItalic.otf */ = {isa = PBXFileReference; lastKnownFileType = file; path = "Montserrat-LightItalic.otf"; sourceTree = "<group>"; };
		8B814C1F28A2F182000AB670 /* Montserrat-ExtraLight.otf */ = {isa = PBXFileReference; lastKnownFileType = file; path = "Montserrat-ExtraLight.otf"; sourceTree = "<group>"; };
		8B814C2028A2F182000AB670 /* MontserratAlternates-SemiBoldItalic.otf */ = {isa = PBXFileReference; lastKnownFileType = file; path = "MontserratAlternates-SemiBoldItalic.otf"; sourceTree = "<group>"; };
		8B814C2128A2F182000AB670 /* Montserrat-ExtraBoldItalic.otf */ = {isa = PBXFileReference; lastKnownFileType = file; path = "Montserrat-ExtraBoldItalic.otf"; sourceTree = "<group>"; };
		8B814C2228A2F182000AB670 /* Montserrat-Medium.otf */ = {isa = PBXFileReference; lastKnownFileType = file; path = "Montserrat-Medium.otf"; sourceTree = "<group>"; };
		8B814C2328A2F182000AB670 /* MontserratAlternates-SemiBold.otf */ = {isa = PBXFileReference; lastKnownFileType = file; path = "MontserratAlternates-SemiBold.otf"; sourceTree = "<group>"; };
		8B814C2428A2F182000AB670 /* Montserrat-Italic.otf */ = {isa = PBXFileReference; lastKnownFileType = file; path = "Montserrat-Italic.otf"; sourceTree = "<group>"; };
		8B814C2528A2F183000AB670 /* Montserrat-BlackItalic.otf */ = {isa = PBXFileReference; lastKnownFileType = file; path = "Montserrat-BlackItalic.otf"; sourceTree = "<group>"; };
		8B814C2628A2F183000AB670 /* MontserratAlternates-Black.otf */ = {isa = PBXFileReference; lastKnownFileType = file; path = "MontserratAlternates-Black.otf"; sourceTree = "<group>"; };
		8B814C2728A2F183000AB670 /* Montserrat-Regular.otf */ = {isa = PBXFileReference; lastKnownFileType = file; path = "Montserrat-Regular.otf"; sourceTree = "<group>"; };
		8B814C2828A2F183000AB670 /* MontserratAlternates-BoldItalic.otf */ = {isa = PBXFileReference; lastKnownFileType = file; path = "MontserratAlternates-BoldItalic.otf"; sourceTree = "<group>"; };
		8B814C2928A2F183000AB670 /* MontserratAlternates-ExtraBold.otf */ = {isa = PBXFileReference; lastKnownFileType = file; path = "MontserratAlternates-ExtraBold.otf"; sourceTree = "<group>"; };
		8B814C2A28A2F183000AB670 /* MontserratAlternates-Italic.otf */ = {isa = PBXFileReference; lastKnownFileType = file; path = "MontserratAlternates-Italic.otf"; sourceTree = "<group>"; };
		8B814C2B28A2F184000AB670 /* MontserratAlternates-Medium.otf */ = {isa = PBXFileReference; lastKnownFileType = file; path = "MontserratAlternates-Medium.otf"; sourceTree = "<group>"; };
		8B814C2C28A2F184000AB670 /* Montserrat-Light.otf */ = {isa = PBXFileReference; lastKnownFileType = file; path = "Montserrat-Light.otf"; sourceTree = "<group>"; };
		8B814C2D28A2F184000AB670 /* MontserratAlternates-Light.otf */ = {isa = PBXFileReference; lastKnownFileType = file; path = "MontserratAlternates-Light.otf"; sourceTree = "<group>"; };
		8B814C2E28A2F184000AB670 /* Montserrat-MediumItalic.otf */ = {isa = PBXFileReference; lastKnownFileType = file; path = "Montserrat-MediumItalic.otf"; sourceTree = "<group>"; };
		8B814C2F28A2F184000AB670 /* MontserratAlternates-MediumItalic.otf */ = {isa = PBXFileReference; lastKnownFileType = file; path = "MontserratAlternates-MediumItalic.otf"; sourceTree = "<group>"; };
		8B814C5528A2FE8A000AB670 /* CardView.swift */ = {isa = PBXFileReference; fileEncoding = 4; lastKnownFileType = sourcecode.swift; path = CardView.swift; sourceTree = "<group>"; };
		8B814C5628A2FE8A000AB670 /* DesignableView.swift */ = {isa = PBXFileReference; fileEncoding = 4; lastKnownFileType = sourcecode.swift; path = DesignableView.swift; sourceTree = "<group>"; };
		8B814C5928A2FF62000AB670 /* Constants.swift */ = {isa = PBXFileReference; fileEncoding = 4; lastKnownFileType = sourcecode.swift; path = Constants.swift; sourceTree = "<group>"; };
		8B814C6028A302F6000AB670 /* Roboto-Light.ttf */ = {isa = PBXFileReference; lastKnownFileType = file; path = "Roboto-Light.ttf"; sourceTree = "<group>"; };
		8B814C6128A302F6000AB670 /* Roboto-ThinItalic.ttf */ = {isa = PBXFileReference; lastKnownFileType = file; path = "Roboto-ThinItalic.ttf"; sourceTree = "<group>"; };
		8B814C6228A302F6000AB670 /* Roboto-BlackItalic.ttf */ = {isa = PBXFileReference; lastKnownFileType = file; path = "Roboto-BlackItalic.ttf"; sourceTree = "<group>"; };
		8B814C6328A302F6000AB670 /* Roboto-LightItalic.ttf */ = {isa = PBXFileReference; lastKnownFileType = file; path = "Roboto-LightItalic.ttf"; sourceTree = "<group>"; };
		8B814C6428A302F6000AB670 /* Roboto-Medium.ttf */ = {isa = PBXFileReference; lastKnownFileType = file; path = "Roboto-Medium.ttf"; sourceTree = "<group>"; };
		8B814C6528A302F6000AB670 /* Roboto-Italic.ttf */ = {isa = PBXFileReference; lastKnownFileType = file; path = "Roboto-Italic.ttf"; sourceTree = "<group>"; };
		8B814C6628A302F6000AB670 /* Roboto-Thin.ttf */ = {isa = PBXFileReference; lastKnownFileType = file; path = "Roboto-Thin.ttf"; sourceTree = "<group>"; };
		8B814C6728A302F6000AB670 /* Roboto-Black.ttf */ = {isa = PBXFileReference; lastKnownFileType = file; path = "Roboto-Black.ttf"; sourceTree = "<group>"; };
		8B814C6828A302F6000AB670 /* Roboto-BoldItalic.ttf */ = {isa = PBXFileReference; lastKnownFileType = file; path = "Roboto-BoldItalic.ttf"; sourceTree = "<group>"; };
		8B814C6928A302F6000AB670 /* Roboto-Regular.ttf */ = {isa = PBXFileReference; lastKnownFileType = file; path = "Roboto-Regular.ttf"; sourceTree = "<group>"; };
		8B814C6A28A302F6000AB670 /* Roboto-Bold.ttf */ = {isa = PBXFileReference; lastKnownFileType = file; path = "Roboto-Bold.ttf"; sourceTree = "<group>"; };
		8B814C6B28A302F7000AB670 /* Roboto-MediumItalic.ttf */ = {isa = PBXFileReference; lastKnownFileType = file; path = "Roboto-MediumItalic.ttf"; sourceTree = "<group>"; };
		8B814C7828A3079F000AB670 /* UIView+Extension.swift */ = {isa = PBXFileReference; fileEncoding = 4; lastKnownFileType = sourcecode.swift; path = "UIView+Extension.swift"; sourceTree = "<group>"; };
		8B94651328A7A67800D3C457 /* BSBaseViewController.swift */ = {isa = PBXFileReference; lastKnownFileType = sourcecode.swift; path = BSBaseViewController.swift; sourceTree = "<group>"; };
		8B9C195028A9125F0094EAF7 /* LoginRequestDTO.swift */ = {isa = PBXFileReference; lastKnownFileType = sourcecode.swift; path = LoginRequestDTO.swift; sourceTree = "<group>"; };
		8B9C195228A912A60094EAF7 /* LoginValidator.swift */ = {isa = PBXFileReference; lastKnownFileType = sourcecode.swift; path = LoginValidator.swift; sourceTree = "<group>"; };
		8B9C195428A913060094EAF7 /* String+Extension.swift */ = {isa = PBXFileReference; fileEncoding = 4; lastKnownFileType = sourcecode.swift; path = "String+Extension.swift"; sourceTree = "<group>"; };
		8B9C195728A91AF10094EAF7 /* AlertHandler.swift */ = {isa = PBXFileReference; fileEncoding = 4; lastKnownFileType = sourcecode.swift; path = AlertHandler.swift; sourceTree = "<group>"; };
		8B9C195928A91B4A0094EAF7 /* TypeAliase.swift */ = {isa = PBXFileReference; lastKnownFileType = sourcecode.swift; path = TypeAliase.swift; sourceTree = "<group>"; };
		8B9C195B28A92F1C0094EAF7 /* BS_Images.swift */ = {isa = PBXFileReference; lastKnownFileType = sourcecode.swift; path = BS_Images.swift; sourceTree = "<group>"; };
		8B9C195D28A94AE50094EAF7 /* SignUpRequestDto.swift */ = {isa = PBXFileReference; lastKnownFileType = sourcecode.swift; path = SignUpRequestDto.swift; sourceTree = "<group>"; };
		8B9C195F28A94B1F0094EAF7 /* SignUpValidator.swift */ = {isa = PBXFileReference; lastKnownFileType = sourcecode.swift; path = SignUpValidator.swift; sourceTree = "<group>"; };
		8BB46994291A2CF0009E7769 /* HomeDetail.storyboard */ = {isa = PBXFileReference; lastKnownFileType = file.storyboard; path = HomeDetail.storyboard; sourceTree = "<group>"; };
		8BEFEE0128B8EA5C004CB01A /* HomeViewModel.swift */ = {isa = PBXFileReference; lastKnownFileType = sourcecode.swift; path = HomeViewModel.swift; sourceTree = "<group>"; };
		8BF0CED628A8176C00EEC2A4 /* WelcomeViewModel.swift */ = {isa = PBXFileReference; lastKnownFileType = sourcecode.swift; path = WelcomeViewModel.swift; sourceTree = "<group>"; };
		8BF0CED828A817AC00EEC2A4 /* Reactive+Helper.swift */ = {isa = PBXFileReference; fileEncoding = 4; lastKnownFileType = sourcecode.swift; path = "Reactive+Helper.swift"; sourceTree = "<group>"; };
		8BF0CED928A817AC00EEC2A4 /* RxArray.swift */ = {isa = PBXFileReference; fileEncoding = 4; lastKnownFileType = sourcecode.swift; path = RxArray.swift; sourceTree = "<group>"; };
		8BF0CEDC28A817FA00EEC2A4 /* BSBaseViewModel.swift */ = {isa = PBXFileReference; lastKnownFileType = sourcecode.swift; path = BSBaseViewModel.swift; sourceTree = "<group>"; };
		8BF0CEDF28A81FC300EEC2A4 /* LoginViewController.swift */ = {isa = PBXFileReference; lastKnownFileType = sourcecode.swift; path = LoginViewController.swift; sourceTree = "<group>"; };
		8BF0CEE128A81FDB00EEC2A4 /* LoginViewModel.swift */ = {isa = PBXFileReference; lastKnownFileType = sourcecode.swift; path = LoginViewModel.swift; sourceTree = "<group>"; };
		8BF0CEE328A827A300EEC2A4 /* UIButton+Extesnion.swift */ = {isa = PBXFileReference; fileEncoding = 4; lastKnownFileType = sourcecode.swift; path = "UIButton+Extesnion.swift"; sourceTree = "<group>"; };
		8BF0CEE628A839C400EEC2A4 /* SignUpViewController.swift */ = {isa = PBXFileReference; lastKnownFileType = sourcecode.swift; path = SignUpViewController.swift; sourceTree = "<group>"; };
		8BF0CEE828A839D900EEC2A4 /* SignUpViewModel.swift */ = {isa = PBXFileReference; lastKnownFileType = sourcecode.swift; path = SignUpViewModel.swift; sourceTree = "<group>"; };
		9F5785248BC1F3E5BC559F4C /* Pods_BetterSleep.framework */ = {isa = PBXFileReference; explicitFileType = wrapper.framework; includeInIndex = 0; path = Pods_BetterSleep.framework; sourceTree = BUILT_PRODUCTS_DIR; };
		B6005DD528B822621C4A153B /* Pods-BetterSleep.release.xcconfig */ = {isa = PBXFileReference; includeInIndex = 1; lastKnownFileType = text.xcconfig; name = "Pods-BetterSleep.release.xcconfig"; path = "Target Support Files/Pods-BetterSleep/Pods-BetterSleep.release.xcconfig"; sourceTree = "<group>"; };
		D9F49E788D861F0191052FED /* Pods-BetterSleep-BetterSleepUITests.release.xcconfig */ = {isa = PBXFileReference; includeInIndex = 1; lastKnownFileType = text.xcconfig; name = "Pods-BetterSleep-BetterSleepUITests.release.xcconfig"; path = "Target Support Files/Pods-BetterSleep-BetterSleepUITests/Pods-BetterSleep-BetterSleepUITests.release.xcconfig"; sourceTree = "<group>"; };
		F418429A2916C6CB00164817 /* SleepViewController.swift */ = {isa = PBXFileReference; lastKnownFileType = sourcecode.swift; path = SleepViewController.swift; sourceTree = "<group>"; };
		F42B3C2F03B777C219E0A86A /* Pods_BetterSleep_BetterSleepUITests.framework */ = {isa = PBXFileReference; explicitFileType = wrapper.framework; includeInIndex = 0; path = Pods_BetterSleep_BetterSleepUITests.framework; sourceTree = BUILT_PRODUCTS_DIR; };
		F4CD4E3029D35B1300197A55 /* UITextFeild + Extension.swift */ = {isa = PBXFileReference; lastKnownFileType = sourcecode.swift; path = "UITextFeild + Extension.swift"; sourceTree = "<group>"; };
		F606653A2A5AD9F900D8E780 /* Utility.swift */ = {isa = PBXFileReference; lastKnownFileType = sourcecode.swift; path = Utility.swift; sourceTree = "<group>"; };
		F606653C2A5AF28C00D8E780 /* UINotification + extension.swift */ = {isa = PBXFileReference; lastKnownFileType = sourcecode.swift; path = "UINotification + extension.swift"; sourceTree = "<group>"; };
		F606653E2A5B436500D8E780 /* UIImage + extension.swift */ = {isa = PBXFileReference; lastKnownFileType = sourcecode.swift; path = "UIImage + extension.swift"; sourceTree = "<group>"; };
		F655B6052A54B021002B54BE /* UIResponder + Extension.swift */ = {isa = PBXFileReference; lastKnownFileType = sourcecode.swift; path = "UIResponder + Extension.swift"; sourceTree = "<group>"; };
		F655B6072A54B105002B54BE /* HomeDetailViewController.swift */ = {isa = PBXFileReference; lastKnownFileType = sourcecode.swift; path = HomeDetailViewController.swift; sourceTree = "<group>"; };
		F655B60C2A54B704002B54BE /* HomeDetailViewModel.swift */ = {isa = PBXFileReference; lastKnownFileType = sourcecode.swift; path = HomeDetailViewModel.swift; sourceTree = "<group>"; };
		F698744F2A5735E900B71CF1 /* NetworkManager.swift */ = {isa = PBXFileReference; lastKnownFileType = sourcecode.swift; path = NetworkManager.swift; sourceTree = "<group>"; };
		F69874522A57371400B71CF1 /* Headers.swift */ = {isa = PBXFileReference; lastKnownFileType = sourcecode.swift; path = Headers.swift; sourceTree = "<group>"; };
		F69874552A5737EF00B71CF1 /* AlomofireManager.swift */ = {isa = PBXFileReference; lastKnownFileType = sourcecode.swift; path = AlomofireManager.swift; sourceTree = "<group>"; };
		F69874592A57382E00B71CF1 /* AlamofireLogger.swift */ = {isa = PBXFileReference; lastKnownFileType = sourcecode.swift; path = AlamofireLogger.swift; sourceTree = "<group>"; };
		F698745B2A57396000B71CF1 /* MonitorNetwork.swift */ = {isa = PBXFileReference; lastKnownFileType = sourcecode.swift; path = MonitorNetwork.swift; sourceTree = "<group>"; };
		F698745E2A573A0200B71CF1 /* AppDefaults.swift */ = {isa = PBXFileReference; lastKnownFileType = sourcecode.swift; path = AppDefaults.swift; sourceTree = "<group>"; };
		F69874602A573D3900B71CF1 /* Dictionary + Extension.swift */ = {isa = PBXFileReference; lastKnownFileType = sourcecode.swift; path = "Dictionary + Extension.swift"; sourceTree = "<group>"; };
		F69874622A573D6000B71CF1 /* URL + Extension.swift */ = {isa = PBXFileReference; lastKnownFileType = sourcecode.swift; path = "URL + Extension.swift"; sourceTree = "<group>"; };
		F69874A62A5743BF00B71CF1 /* EndPoint.swift */ = {isa = PBXFileReference; lastKnownFileType = sourcecode.swift; path = EndPoint.swift; sourceTree = "<group>"; };
		F69874A82A5743D400B71CF1 /* EndPointType.swift */ = {isa = PBXFileReference; lastKnownFileType = sourcecode.swift; path = EndPointType.swift; sourceTree = "<group>"; };
		F69874AA2A5743E100B71CF1 /* ApiUrl.swift */ = {isa = PBXFileReference; lastKnownFileType = sourcecode.swift; path = ApiUrl.swift; sourceTree = "<group>"; };
		F69874AC2A5743F000B71CF1 /* RequestedUrl.swift */ = {isa = PBXFileReference; lastKnownFileType = sourcecode.swift; path = RequestedUrl.swift; sourceTree = "<group>"; };
		F69874AE2A5745F100B71CF1 /* AppConfiguration.swift */ = {isa = PBXFileReference; lastKnownFileType = sourcecode.swift; path = AppConfiguration.swift; sourceTree = "<group>"; };
		F69874B02A57545100B71CF1 /* Hits.swift */ = {isa = PBXFileReference; fileEncoding = 4; lastKnownFileType = sourcecode.swift; path = Hits.swift; sourceTree = "<group>"; };
		F69874B12A57545100B71CF1 /* Images.swift */ = {isa = PBXFileReference; fileEncoding = 4; lastKnownFileType = sourcecode.swift; path = Images.swift; sourceTree = "<group>"; };
		F69874B22A57545100B71CF1 /* Providers.swift */ = {isa = PBXFileReference; fileEncoding = 4; lastKnownFileType = sourcecode.swift; path = Providers.swift; sourceTree = "<group>"; };
		F69874B32A57545100B71CF1 /* Beacondata.swift */ = {isa = PBXFileReference; fileEncoding = 4; lastKnownFileType = sourcecode.swift; path = Beacondata.swift; sourceTree = "<group>"; };
		F69874B42A57545100B71CF1 /* Artist.swift */ = {isa = PBXFileReference; fileEncoding = 4; lastKnownFileType = sourcecode.swift; path = Artist.swift; sourceTree = "<group>"; };
		F69874B52A57545100B71CF1 /* Tracks.swift */ = {isa = PBXFileReference; fileEncoding = 4; lastKnownFileType = sourcecode.swift; path = Tracks.swift; sourceTree = "<group>"; };
		F69874B62A57545100B71CF1 /* Track.swift */ = {isa = PBXFileReference; fileEncoding = 4; lastKnownFileType = sourcecode.swift; path = Track.swift; sourceTree = "<group>"; };
		F69874B72A57545100B71CF1 /* Hub.swift */ = {isa = PBXFileReference; fileEncoding = 4; lastKnownFileType = sourcecode.swift; path = Hub.swift; sourceTree = "<group>"; };
		F69874B82A57545100B71CF1 /* Share.swift */ = {isa = PBXFileReference; fileEncoding = 4; lastKnownFileType = sourcecode.swift; path = Share.swift; sourceTree = "<group>"; };
		F69874B92A57545100B71CF1 /* Actions.swift */ = {isa = PBXFileReference; fileEncoding = 4; lastKnownFileType = sourcecode.swift; path = Actions.swift; sourceTree = "<group>"; };
		F69874BA2A57545100B71CF1 /* SleepMediation.swift */ = {isa = PBXFileReference; fileEncoding = 4; lastKnownFileType = sourcecode.swift; path = SleepMediation.swift; sourceTree = "<group>"; };
		F69874BB2A57545100B71CF1 /* Options.swift */ = {isa = PBXFileReference; fileEncoding = 4; lastKnownFileType = sourcecode.swift; path = Options.swift; sourceTree = "<group>"; };
		F69874BC2A57545100B71CF1 /* Artists.swift */ = {isa = PBXFileReference; fileEncoding = 4; lastKnownFileType = sourcecode.swift; path = Artists.swift; sourceTree = "<group>"; };
		F69874CA2A5754B400B71CF1 /* SleepMediationRepository.swift */ = {isa = PBXFileReference; lastKnownFileType = sourcecode.swift; path = SleepMediationRepository.swift; sourceTree = "<group>"; };
		FC3888DA6752A9BA3963B412 /* Pods-BetterSleep-BetterSleepUITests.debug.xcconfig */ = {isa = PBXFileReference; includeInIndex = 1; lastKnownFileType = text.xcconfig; name = "Pods-BetterSleep-BetterSleepUITests.debug.xcconfig"; path = "Target Support Files/Pods-BetterSleep-BetterSleepUITests/Pods-BetterSleep-BetterSleepUITests.debug.xcconfig"; sourceTree = "<group>"; };
/* End PBXFileReference section */

/* Begin PBXFrameworksBuildPhase section */
		8B7F18A9289966D500C9CBFB /* Frameworks */ = {
			isa = PBXFrameworksBuildPhase;
			buildActionMask = 2147483647;
			files = (
				A7B9103D1F154A98EDBCF62A /* Pods_BetterSleep.framework in Frameworks */,
			);
			runOnlyForDeploymentPostprocessing = 0;
		};
		8B7F18BF289966D800C9CBFB /* Frameworks */ = {
			isa = PBXFrameworksBuildPhase;
			buildActionMask = 2147483647;
			files = (
				4ADF56C35739CCFA190D9152 /* Pods_BetterSleepTests.framework in Frameworks */,
			);
			runOnlyForDeploymentPostprocessing = 0;
		};
		8B7F18C9289966D800C9CBFB /* Frameworks */ = {
			isa = PBXFrameworksBuildPhase;
			buildActionMask = 2147483647;
			files = (
				419E21C6B2EBC4AF580E5418 /* Pods_BetterSleep_BetterSleepUITests.framework in Frameworks */,
			);
			runOnlyForDeploymentPostprocessing = 0;
		};
/* End PBXFrameworksBuildPhase section */

/* Begin PBXGroup section */
		6015EF2134C3063516C5366C /* Pods */ = {
			isa = PBXGroup;
			children = (
				40160B7831EB4CA6137218A2 /* Pods-BetterSleep.debug.xcconfig */,
				B6005DD528B822621C4A153B /* Pods-BetterSleep.release.xcconfig */,
				FC3888DA6752A9BA3963B412 /* Pods-BetterSleep-BetterSleepUITests.debug.xcconfig */,
				D9F49E788D861F0191052FED /* Pods-BetterSleep-BetterSleepUITests.release.xcconfig */,
				3786853D867DD0B900124271 /* Pods-BetterSleepTests.debug.xcconfig */,
				2E609F8E53724C5D5249225C /* Pods-BetterSleepTests.release.xcconfig */,
			);
			path = Pods;
			sourceTree = "<group>";
		};
		8B0913DA28B0CE360076B9F1 /* TabBar */ = {
			isa = PBXGroup;
			children = (
				8B0913DB28B0CE550076B9F1 /* BsTabViewController.swift */,
			);
			path = TabBar;
			sourceTree = "<group>";
		};
		8B098B9328A6DE8400E84A00 /* Authentication */ = {
			isa = PBXGroup;
			children = (
				8BF0CEE528A839AE00EEC2A4 /* SignUp */,
				8BF0CEDE28A81FAD00EEC2A4 /* Login */,
				8B098B9428A6DE9600E84A00 /* Welcome */,
			);
			path = Authentication;
			sourceTree = "<group>";
		};
		8B098B9428A6DE9600E84A00 /* Welcome */ = {
			isa = PBXGroup;
			children = (
				8B098B9528A6DEB500E84A00 /* WelcomeViewController.swift */,
				8BF0CED628A8176C00EEC2A4 /* WelcomeViewModel.swift */,
			);
			path = Welcome;
			sourceTree = "<group>";
		};
		8B3E3AA928C9F9DC0034D309 /* HomeTVcell */ = {
			isa = PBXGroup;
			children = (
				8B3E3AA128C9EA100034D309 /* HomeTVcell.swift */,
				8B3E3AA228C9EA100034D309 /* HomeTVcell.xib */,
				8B3E3AA528C9EACD0034D309 /* HomeTVviewModel.swift */,
			);
			path = HomeTVcell;
			sourceTree = "<group>";
		};
		8B3E3AAA28C9F9EF0034D309 /* HomeCVcell */ = {
			isa = PBXGroup;
			children = (
				8B3E3AAB28C9FA420034D309 /* HomeCVCell.swift */,
				8B3E3AAC28C9FA420034D309 /* HomeCVCell.xib */,
				8B3E3AAF28C9FA7A0034D309 /* HomeCVcellViewModel.swift */,
			);
			path = HomeCVcell;
			sourceTree = "<group>";
		};
		8B7F18A3289966D500C9CBFB = {
			isa = PBXGroup;
			children = (
				8B098B9828A79C9200E84A00 /* .swiftlint.yml */,
				8B7F18AE289966D500C9CBFB /* BetterSleep */,
				8B7F18C5289966D800C9CBFB /* BetterSleepTests */,
				8B7F18CF289966D800C9CBFB /* BetterSleepUITests */,
				8B7F18AD289966D500C9CBFB /* Products */,
				6015EF2134C3063516C5366C /* Pods */,
				ECE6506CD7D1721E1134A8F1 /* Frameworks */,
			);
			sourceTree = "<group>";
		};
		8B7F18AD289966D500C9CBFB /* Products */ = {
			isa = PBXGroup;
			children = (
				8B7F18AC289966D500C9CBFB /* BetterSleep.app */,
				8B7F18C2289966D800C9CBFB /* BetterSleepTests.xctest */,
				8B7F18CC289966D800C9CBFB /* BetterSleepUITests.xctest */,
			);
			name = Products;
			sourceTree = "<group>";
		};
		8B7F18AE289966D500C9CBFB /* BetterSleep */ = {
			isa = PBXGroup;
			children = (
				F69874A52A5743A700B71CF1 /* Repository */,
				F69874512A57368C00B71CF1 /* DTO */,
				F698744D2A57359B00B71CF1 /* Domain */,
				8B7F18EB28996DC700C9CBFB /* Resources */,
				8B7F18E428996D5F00C9CBFB /* Presentation */,
				8B7F18E128996D3B00C9CBFB /* Common */,
				8B7F18E028996D1D00C9CBFB /* Application */,
				8B7F18DF28996D0400C9CBFB /* Manager */,
				8B7F18BD289966D700C9CBFB /* Info.plist */,
			);
			path = BetterSleep;
			sourceTree = "<group>";
		};
		8B7F18C5289966D800C9CBFB /* BetterSleepTests */ = {
			isa = PBXGroup;
			children = (
				8B7F18C6289966D800C9CBFB /* BetterSleepTests.swift */,
			);
			path = BetterSleepTests;
			sourceTree = "<group>";
		};
		8B7F18CF289966D800C9CBFB /* BetterSleepUITests */ = {
			isa = PBXGroup;
			children = (
				8B7F18D0289966D800C9CBFB /* BetterSleepUITests.swift */,
				8B7F18D2289966D800C9CBFB /* BetterSleepUITestsLaunchTests.swift */,
			);
			path = BetterSleepUITests;
			sourceTree = "<group>";
		};
		8B7F18DF28996D0400C9CBFB /* Manager */ = {
			isa = PBXGroup;
			children = (
				8B7F18EC28996E3800C9CBFB /* BetterSleepManager.swift */,
				F698745B2A57396000B71CF1 /* MonitorNetwork.swift */,
			);
			path = Manager;
			sourceTree = "<group>";
		};
		8B7F18E028996D1D00C9CBFB /* Application */ = {
			isa = PBXGroup;
			children = (
				8B7F18B1289966D500C9CBFB /* SceneDelegate.swift */,
				8B7F18AF289966D500C9CBFB /* AppDelegate.swift */,
				F69874AE2A5745F100B71CF1 /* AppConfiguration.swift */,
			);
			path = Application;
			sourceTree = "<group>";
		};
		8B7F18E128996D3B00C9CBFB /* Common */ = {
			isa = PBXGroup;
			children = (
				8B9C195628A91AE40094EAF7 /* Helpers */,
				8B814C5428A2FE7D000AB670 /* IBDesignableView */,
				8B7F18F228999FEE00C9CBFB /* Utilities */,
			);
			path = Common;
			sourceTree = "<group>";
		};
		8B7F18E428996D5F00C9CBFB /* Presentation */ = {
			isa = PBXGroup;
			children = (
				8BEFEDFA28B8E6C0004CB01A /* CustomNib */,
				8B7F18EA28996DAE00C9CBFB /* Extensions */,
				8B7F18E928996DA400C9CBFB /* ViewController */,
				8B7F18E828996D9D00C9CBFB /* StoryBoard */,
			);
			path = Presentation;
			sourceTree = "<group>";
		};
		8B7F18E828996D9D00C9CBFB /* StoryBoard */ = {
			isa = PBXGroup;
			children = (
				8B7F18B5289966D500C9CBFB /* Main.storyboard */,
				8B7F18BA289966D700C9CBFB /* LaunchScreen.storyboard */,
				8B7F18EE28996F8900C9CBFB /* Storyboards.swift */,
				8B814C0728A2F028000AB670 /* Authentication.storyboard */,
				8BB46994291A2CF0009E7769 /* HomeDetail.storyboard */,
			);
			path = StoryBoard;
			sourceTree = "<group>";
		};
		8B7F18E928996DA400C9CBFB /* ViewController */ = {
			isa = PBXGroup;
			children = (
				8B0913DA28B0CE360076B9F1 /* TabBar */,
				8B098B9328A6DE8400E84A00 /* Authentication */,
				8BEFEE0028B8EA42004CB01A /* Tabs */,
				8B94651328A7A67800D3C457 /* BSBaseViewController.swift */,
				8BF0CEDC28A817FA00EEC2A4 /* BSBaseViewModel.swift */,
			);
			path = ViewController;
			sourceTree = "<group>";
		};
		8B7F18EA28996DAE00C9CBFB /* Extensions */ = {
			isa = PBXGroup;
			children = (
				8B9C195428A913060094EAF7 /* String+Extension.swift */,
				8B3E3AA728C9F3200034D309 /* UITableView+Extension.swift */,
				8B3E3A9628C9AF230034D309 /* UICollectionView+Extension.swift */,
				8BF0CEE328A827A300EEC2A4 /* UIButton+Extesnion.swift */,
				8B814C7828A3079F000AB670 /* UIView+Extension.swift */,
				8BF0CED828A817AC00EEC2A4 /* Reactive+Helper.swift */,
				8BF0CED928A817AC00EEC2A4 /* RxArray.swift */,
				F4CD4E3029D35B1300197A55 /* UITextFeild + Extension.swift */,
				F655B6052A54B021002B54BE /* UIResponder + Extension.swift */,
				F69874602A573D3900B71CF1 /* Dictionary + Extension.swift */,
				F69874622A573D6000B71CF1 /* URL + Extension.swift */,
				F606653C2A5AF28C00D8E780 /* UINotification + extension.swift */,
				F606653E2A5B436500D8E780 /* UIImage + extension.swift */,
			);
			path = Extensions;
			sourceTree = "<group>";
		};
		8B7F18EB28996DC700C9CBFB /* Resources */ = {
			isa = PBXGroup;
			children = (
				8B814C0B28A2F166000AB670 /* BS_Font */,
				8B7F18B8289966D700C9CBFB /* Assets.xcassets */,
			);
			path = Resources;
			sourceTree = "<group>";
		};
		8B7F18F228999FEE00C9CBFB /* Utilities */ = {
			isa = PBXGroup;
			children = (
				8B814C5928A2FF62000AB670 /* Constants.swift */,
				8B7F18F32899A01400C9CBFB /* BS_Colors.swift */,
				8B9C195B28A92F1C0094EAF7 /* BS_Images.swift */,
				F69874522A57371400B71CF1 /* Headers.swift */,
				F606653A2A5AD9F900D8E780 /* Utility.swift */,
			);
			path = Utilities;
			sourceTree = "<group>";
		};
		8B814C0B28A2F166000AB670 /* BS_Font */ = {
			isa = PBXGroup;
			children = (
				8B814C6728A302F6000AB670 /* Roboto-Black.ttf */,
				8B814C6228A302F6000AB670 /* Roboto-BlackItalic.ttf */,
				8B814C6A28A302F6000AB670 /* Roboto-Bold.ttf */,
				8B814C6828A302F6000AB670 /* Roboto-BoldItalic.ttf */,
				8B814C6528A302F6000AB670 /* Roboto-Italic.ttf */,
				8B814C6028A302F6000AB670 /* Roboto-Light.ttf */,
				8B814C6328A302F6000AB670 /* Roboto-LightItalic.ttf */,
				8B814C6428A302F6000AB670 /* Roboto-Medium.ttf */,
				8B814C6B28A302F7000AB670 /* Roboto-MediumItalic.ttf */,
				8B814C6928A302F6000AB670 /* Roboto-Regular.ttf */,
				8B814C6628A302F6000AB670 /* Roboto-Thin.ttf */,
				8B814C6128A302F6000AB670 /* Roboto-ThinItalic.ttf */,
				8B814C1328A2F181000AB670 /* Montserrat-Black.otf */,
				8B814C2528A2F183000AB670 /* Montserrat-BlackItalic.otf */,
				8B814C1528A2F181000AB670 /* Montserrat-Bold.otf */,
				8B814C0C28A2F180000AB670 /* Montserrat-BoldItalic.otf */,
				8B814C1B28A2F182000AB670 /* Montserrat-ExtraBold.otf */,
				8B814C2128A2F182000AB670 /* Montserrat-ExtraBoldItalic.otf */,
				8B814C1F28A2F182000AB670 /* Montserrat-ExtraLight.otf */,
				8B814C1728A2F181000AB670 /* Montserrat-ExtraLightItalic.otf */,
				8B814C2428A2F182000AB670 /* Montserrat-Italic.otf */,
				8B814C2C28A2F184000AB670 /* Montserrat-Light.otf */,
				8B814C1E28A2F182000AB670 /* Montserrat-LightItalic.otf */,
				8B814C2228A2F182000AB670 /* Montserrat-Medium.otf */,
				8B814C2E28A2F184000AB670 /* Montserrat-MediumItalic.otf */,
				8B814C2728A2F183000AB670 /* Montserrat-Regular.otf */,
				8B814C1428A2F181000AB670 /* Montserrat-SemiBold.otf */,
				8B814C1D28A2F182000AB670 /* Montserrat-SemiBoldItalic.otf */,
				8B814C1628A2F181000AB670 /* Montserrat-Thin.otf */,
				8B814C0D28A2F180000AB670 /* Montserrat-ThinItalic.otf */,
				8B814C2628A2F183000AB670 /* MontserratAlternates-Black.otf */,
				8B814C1828A2F181000AB670 /* MontserratAlternates-BlackItalic.otf */,
				8B814C1A28A2F181000AB670 /* MontserratAlternates-Bold.otf */,
				8B814C2828A2F183000AB670 /* MontserratAlternates-BoldItalic.otf */,
				8B814C2928A2F183000AB670 /* MontserratAlternates-ExtraBold.otf */,
				8B814C1C28A2F182000AB670 /* MontserratAlternates-ExtraBoldItalic.otf */,
				8B814C1128A2F181000AB670 /* MontserratAlternates-ExtraLight.otf */,
				8B814C0F28A2F180000AB670 /* MontserratAlternates-ExtraLightItalic.otf */,
				8B814C2A28A2F183000AB670 /* MontserratAlternates-Italic.otf */,
				8B814C2D28A2F184000AB670 /* MontserratAlternates-Light.otf */,
				8B814C1028A2F181000AB670 /* MontserratAlternates-LightItalic.otf */,
				8B814C2B28A2F184000AB670 /* MontserratAlternates-Medium.otf */,
				8B814C2F28A2F184000AB670 /* MontserratAlternates-MediumItalic.otf */,
				8B814C1228A2F181000AB670 /* MontserratAlternates-Regular.otf */,
				8B814C2328A2F182000AB670 /* MontserratAlternates-SemiBold.otf */,
				8B814C2028A2F182000AB670 /* MontserratAlternates-SemiBoldItalic.otf */,
				8B814C0E28A2F180000AB670 /* MontserratAlternates-Thin.otf */,
				8B814C1928A2F181000AB670 /* MontserratAlternates-ThinItalic.otf */,
			);
			path = BS_Font;
			sourceTree = "<group>";
		};
		8B814C5428A2FE7D000AB670 /* IBDesignableView */ = {
			isa = PBXGroup;
			children = (
				8B814C5528A2FE8A000AB670 /* CardView.swift */,
				8B814C5628A2FE8A000AB670 /* DesignableView.swift */,
			);
			path = IBDesignableView;
			sourceTree = "<group>";
		};
		8B9C195628A91AE40094EAF7 /* Helpers */ = {
			isa = PBXGroup;
			children = (
				8B9C195728A91AF10094EAF7 /* AlertHandler.swift */,
				8B9C195928A91B4A0094EAF7 /* TypeAliase.swift */,
			);
			path = Helpers;
			sourceTree = "<group>";
		};
		8BEFEDFA28B8E6C0004CB01A /* CustomNib */ = {
			isa = PBXGroup;
			children = (
				8B3E3AAA28C9F9EF0034D309 /* HomeCVcell */,
				8B3E3AA928C9F9DC0034D309 /* HomeTVcell */,
			);
			path = CustomNib;
			sourceTree = "<group>";
		};
		8BEFEDFF28B8EA3A004CB01A /* Home */ = {
			isa = PBXGroup;
			children = (
				F655B60A2A54B69A002B54BE /* ViewController */,
				F655B6092A54B686002B54BE /* ViewModel */,
			);
			path = Home;
			sourceTree = "<group>";
		};
		8BEFEE0028B8EA42004CB01A /* Tabs */ = {
			isa = PBXGroup;
			children = (
				F41842992916C6AD00164817 /* Sleep */,
				8BEFEDFF28B8EA3A004CB01A /* Home */,
			);
			path = Tabs;
			sourceTree = "<group>";
		};
		8BF0CEDE28A81FAD00EEC2A4 /* Login */ = {
			isa = PBXGroup;
			children = (
				8B9C195028A9125F0094EAF7 /* LoginRequestDTO.swift */,
				8B9C195228A912A60094EAF7 /* LoginValidator.swift */,
				8BF0CEDF28A81FC300EEC2A4 /* LoginViewController.swift */,
				8BF0CEE128A81FDB00EEC2A4 /* LoginViewModel.swift */,
			);
			path = Login;
			sourceTree = "<group>";
		};
		8BF0CEE528A839AE00EEC2A4 /* SignUp */ = {
			isa = PBXGroup;
			children = (
				8BF0CEE628A839C400EEC2A4 /* SignUpViewController.swift */,
				8BF0CEE828A839D900EEC2A4 /* SignUpViewModel.swift */,
				8B9C195D28A94AE50094EAF7 /* SignUpRequestDto.swift */,
				8B9C195F28A94B1F0094EAF7 /* SignUpValidator.swift */,
			);
			path = SignUp;
			sourceTree = "<group>";
		};
		ECE6506CD7D1721E1134A8F1 /* Frameworks */ = {
			isa = PBXGroup;
			children = (
				9F5785248BC1F3E5BC559F4C /* Pods_BetterSleep.framework */,
				F42B3C2F03B777C219E0A86A /* Pods_BetterSleep_BetterSleepUITests.framework */,
				666E7E3219329C4527F2EB37 /* Pods_BetterSleepTests.framework */,
			);
			name = Frameworks;
			sourceTree = "<group>";
		};
		F41842992916C6AD00164817 /* Sleep */ = {
			isa = PBXGroup;
			children = (
				F418429A2916C6CB00164817 /* SleepViewController.swift */,
			);
			path = Sleep;
			sourceTree = "<group>";
		};
		F655B6092A54B686002B54BE /* ViewModel */ = {
			isa = PBXGroup;
			children = (
				8BEFEE0128B8EA5C004CB01A /* HomeViewModel.swift */,
				F655B60C2A54B704002B54BE /* HomeDetailViewModel.swift */,
			);
			path = ViewModel;
			sourceTree = "<group>";
		};
		F655B60A2A54B69A002B54BE /* ViewController */ = {
			isa = PBXGroup;
			children = (
				8B7F18F028996FBF00C9CBFB /* HomeViewController.swift */,
				F655B6072A54B105002B54BE /* HomeDetailViewController.swift */,
			);
			path = ViewController;
			sourceTree = "<group>";
		};
		F698744D2A57359B00B71CF1 /* Domain */ = {
			isa = PBXGroup;
			children = (
				F698745D2A5739F200B71CF1 /* PresistenceStorage */,
				F698744E2A5735BD00B71CF1 /* NetworkManager */,
			);
			path = Domain;
			sourceTree = "<group>";
		};
		F698744E2A5735BD00B71CF1 /* NetworkManager */ = {
			isa = PBXGroup;
			children = (
				F69874542A5737DE00B71CF1 /* NetworkUtil */,
				F698744F2A5735E900B71CF1 /* NetworkManager.swift */,
			);
			path = NetworkManager;
			sourceTree = "<group>";
		};
		F69874512A57368C00B71CF1 /* DTO */ = {
			isa = PBXGroup;
			children = (
				F69874BA2A57545100B71CF1 /* SleepMediation.swift */,
				F69874B92A57545100B71CF1 /* Actions.swift */,
				F69874B42A57545100B71CF1 /* Artist.swift */,
				F69874BC2A57545100B71CF1 /* Artists.swift */,
				F69874B32A57545100B71CF1 /* Beacondata.swift */,
				F69874B02A57545100B71CF1 /* Hits.swift */,
				F69874B72A57545100B71CF1 /* Hub.swift */,
				F69874B12A57545100B71CF1 /* Images.swift */,
				F69874BB2A57545100B71CF1 /* Options.swift */,
				F69874B22A57545100B71CF1 /* Providers.swift */,
				F69874B82A57545100B71CF1 /* Share.swift */,
				F69874B62A57545100B71CF1 /* Track.swift */,
				F69874B52A57545100B71CF1 /* Tracks.swift */,
			);
			path = DTO;
			sourceTree = "<group>";
		};
		F69874542A5737DE00B71CF1 /* NetworkUtil */ = {
			isa = PBXGroup;
			children = (
				F69874552A5737EF00B71CF1 /* AlomofireManager.swift */,
				F69874592A57382E00B71CF1 /* AlamofireLogger.swift */,
			);
			path = NetworkUtil;
			sourceTree = "<group>";
		};
		F698745D2A5739F200B71CF1 /* PresistenceStorage */ = {
			isa = PBXGroup;
			children = (
				F698745E2A573A0200B71CF1 /* AppDefaults.swift */,
			);
			path = PresistenceStorage;
			sourceTree = "<group>";
		};
		F69874A52A5743A700B71CF1 /* Repository */ = {
			isa = PBXGroup;
			children = (
				F69874CC2A5762C400B71CF1 /* SleepMediation */,
				F69874A62A5743BF00B71CF1 /* EndPoint.swift */,
				F69874A82A5743D400B71CF1 /* EndPointType.swift */,
				F69874AA2A5743E100B71CF1 /* ApiUrl.swift */,
				F69874AC2A5743F000B71CF1 /* RequestedUrl.swift */,
			);
			path = Repository;
			sourceTree = "<group>";
		};
		F69874CC2A5762C400B71CF1 /* SleepMediation */ = {
			isa = PBXGroup;
			children = (
				F69874CA2A5754B400B71CF1 /* SleepMediationRepository.swift */,
			);
			path = SleepMediation;
			sourceTree = "<group>";
		};
/* End PBXGroup section */

/* Begin PBXNativeTarget section */
		8B7F18AB289966D500C9CBFB /* BetterSleep */ = {
			isa = PBXNativeTarget;
			buildConfigurationList = 8B7F18D6289966D800C9CBFB /* Build configuration list for PBXNativeTarget "BetterSleep" */;
			buildPhases = (
				098B852766215C45D2D16568 /* [CP] Check Pods Manifest.lock */,
				8B098B9728A79C6300E84A00 /* SwiftLint */,
				8B7F18A8289966D500C9CBFB /* Sources */,
				8B7F18A9289966D500C9CBFB /* Frameworks */,
				8B7F18AA289966D500C9CBFB /* Resources */,
				2047FB05D324323DCBD03207 /* [CP] Embed Pods Frameworks */,
			);
			buildRules = (
			);
			dependencies = (
			);
			name = BetterSleep;
			productName = BetterSleep;
			productReference = 8B7F18AC289966D500C9CBFB /* BetterSleep.app */;
			productType = "com.apple.product-type.application";
		};
		8B7F18C1289966D800C9CBFB /* BetterSleepTests */ = {
			isa = PBXNativeTarget;
			buildConfigurationList = 8B7F18D9289966D800C9CBFB /* Build configuration list for PBXNativeTarget "BetterSleepTests" */;
			buildPhases = (
				C76B0E449EDA91DEE9345820 /* [CP] Check Pods Manifest.lock */,
				8B7F18BE289966D800C9CBFB /* Sources */,
				8B7F18BF289966D800C9CBFB /* Frameworks */,
				8B7F18C0289966D800C9CBFB /* Resources */,
			);
			buildRules = (
			);
			dependencies = (
				8B7F18C4289966D800C9CBFB /* PBXTargetDependency */,
			);
			name = BetterSleepTests;
			productName = BetterSleepTests;
			productReference = 8B7F18C2289966D800C9CBFB /* BetterSleepTests.xctest */;
			productType = "com.apple.product-type.bundle.unit-test";
		};
		8B7F18CB289966D800C9CBFB /* BetterSleepUITests */ = {
			isa = PBXNativeTarget;
			buildConfigurationList = 8B7F18DC289966D800C9CBFB /* Build configuration list for PBXNativeTarget "BetterSleepUITests" */;
			buildPhases = (
				8BE3F5C7FC6DDDCE65BB711B /* [CP] Check Pods Manifest.lock */,
				8B7F18C8289966D800C9CBFB /* Sources */,
				8B7F18C9289966D800C9CBFB /* Frameworks */,
				8B7F18CA289966D800C9CBFB /* Resources */,
				DD532EAF99753DB811C68E97 /* [CP] Embed Pods Frameworks */,
			);
			buildRules = (
			);
			dependencies = (
				8B7F18CE289966D800C9CBFB /* PBXTargetDependency */,
			);
			name = BetterSleepUITests;
			productName = BetterSleepUITests;
			productReference = 8B7F18CC289966D800C9CBFB /* BetterSleepUITests.xctest */;
			productType = "com.apple.product-type.bundle.ui-testing";
		};
/* End PBXNativeTarget section */

/* Begin PBXProject section */
		8B7F18A4289966D500C9CBFB /* Project object */ = {
			isa = PBXProject;
			attributes = {
				BuildIndependentTargetsInParallel = 1;
				LastSwiftUpdateCheck = 1340;
				LastUpgradeCheck = 1340;
				TargetAttributes = {
					8B7F18AB289966D500C9CBFB = {
						CreatedOnToolsVersion = 13.4.1;
					};
					8B7F18C1289966D800C9CBFB = {
						CreatedOnToolsVersion = 13.4.1;
						TestTargetID = 8B7F18AB289966D500C9CBFB;
					};
					8B7F18CB289966D800C9CBFB = {
						CreatedOnToolsVersion = 13.4.1;
						TestTargetID = 8B7F18AB289966D500C9CBFB;
					};
				};
			};
			buildConfigurationList = 8B7F18A7289966D500C9CBFB /* Build configuration list for PBXProject "BetterSleep" */;
			compatibilityVersion = "Xcode 13.0";
			developmentRegion = en;
			hasScannedForEncodings = 0;
			knownRegions = (
				en,
				Base,
			);
			mainGroup = 8B7F18A3289966D500C9CBFB;
			productRefGroup = 8B7F18AD289966D500C9CBFB /* Products */;
			projectDirPath = "";
			projectRoot = "";
			targets = (
				8B7F18AB289966D500C9CBFB /* BetterSleep */,
				8B7F18C1289966D800C9CBFB /* BetterSleepTests */,
				8B7F18CB289966D800C9CBFB /* BetterSleepUITests */,
			);
		};
/* End PBXProject section */

/* Begin PBXResourcesBuildPhase section */
		8B7F18AA289966D500C9CBFB /* Resources */ = {
			isa = PBXResourcesBuildPhase;
			buildActionMask = 2147483647;
			files = (
				8B814C5028A2F184000AB670 /* Montserrat-Light.otf in Resources */,
				8B814C3F28A2F184000AB670 /* Montserrat-ExtraBold.otf in Resources */,
				8B814C5328A2F184000AB670 /* MontserratAlternates-MediumItalic.otf in Resources */,
				8B814C0828A2F028000AB670 /* Authentication.storyboard in Resources */,
				8B814C3328A2F184000AB670 /* MontserratAlternates-ExtraLightItalic.otf in Resources */,
				8B814C3228A2F184000AB670 /* MontserratAlternates-Thin.otf in Resources */,
				8B814C3C28A2F184000AB670 /* MontserratAlternates-BlackItalic.otf in Resources */,
				8B7F18BC289966D700C9CBFB /* LaunchScreen.storyboard in Resources */,
				8B814C3B28A2F184000AB670 /* Montserrat-ExtraLightItalic.otf in Resources */,
				8B814C3E28A2F184000AB670 /* MontserratAlternates-Bold.otf in Resources */,
				8B3E3AA428C9EA100034D309 /* HomeTVcell.xib in Resources */,
				8B098B9928A79C9200E84A00 /* .swiftlint.yml in Resources */,
				8B814C4E28A2F184000AB670 /* MontserratAlternates-Italic.otf in Resources */,
				8B814C7328A302F7000AB670 /* Roboto-Black.ttf in Resources */,
				8B814C4928A2F184000AB670 /* Montserrat-BlackItalic.otf in Resources */,
				8B814C4F28A2F184000AB670 /* MontserratAlternates-Medium.otf in Resources */,
				8B814C7628A302F7000AB670 /* Roboto-Bold.ttf in Resources */,
				8B814C4C28A2F184000AB670 /* MontserratAlternates-BoldItalic.otf in Resources */,
				8B814C4A28A2F184000AB670 /* MontserratAlternates-Black.otf in Resources */,
				8B814C3728A2F184000AB670 /* Montserrat-Black.otf in Resources */,
				8B814C7428A302F7000AB670 /* Roboto-BoldItalic.ttf in Resources */,
				8B7F18B9289966D700C9CBFB /* Assets.xcassets in Resources */,
				8B814C4828A2F184000AB670 /* Montserrat-Italic.otf in Resources */,
				8B814C4228A2F184000AB670 /* Montserrat-LightItalic.otf in Resources */,
				8B814C3828A2F184000AB670 /* Montserrat-SemiBold.otf in Resources */,
				8B814C4528A2F184000AB670 /* Montserrat-ExtraBoldItalic.otf in Resources */,
				8B814C4428A2F184000AB670 /* MontserratAlternates-SemiBoldItalic.otf in Resources */,
				8B814C3428A2F184000AB670 /* MontserratAlternates-LightItalic.otf in Resources */,
				8B814C3D28A2F184000AB670 /* MontserratAlternates-ThinItalic.otf in Resources */,
				8B814C6D28A302F7000AB670 /* Roboto-ThinItalic.ttf in Resources */,
				8B814C7728A302F7000AB670 /* Roboto-MediumItalic.ttf in Resources */,
				8B814C4628A2F184000AB670 /* Montserrat-Medium.otf in Resources */,
				8B814C4128A2F184000AB670 /* Montserrat-SemiBoldItalic.otf in Resources */,
				8B814C5228A2F184000AB670 /* Montserrat-MediumItalic.otf in Resources */,
				8B3E3AAE28C9FA420034D309 /* HomeCVCell.xib in Resources */,
				8B814C3028A2F184000AB670 /* Montserrat-BoldItalic.otf in Resources */,
				8B814C5128A2F184000AB670 /* MontserratAlternates-Light.otf in Resources */,
				8B814C4328A2F184000AB670 /* Montserrat-ExtraLight.otf in Resources */,
				8B814C7228A302F7000AB670 /* Roboto-Thin.ttf in Resources */,
				8B814C6F28A302F7000AB670 /* Roboto-LightItalic.ttf in Resources */,
				8BB46995291A2CF0009E7769 /* HomeDetail.storyboard in Resources */,
				8B814C3928A2F184000AB670 /* Montserrat-Bold.otf in Resources */,
				8B814C7028A302F7000AB670 /* Roboto-Medium.ttf in Resources */,
				8B814C6C28A302F7000AB670 /* Roboto-Light.ttf in Resources */,
				8B814C3A28A2F184000AB670 /* Montserrat-Thin.otf in Resources */,
				8B814C4728A2F184000AB670 /* MontserratAlternates-SemiBold.otf in Resources */,
				8B814C3528A2F184000AB670 /* MontserratAlternates-ExtraLight.otf in Resources */,
				8B814C4B28A2F184000AB670 /* Montserrat-Regular.otf in Resources */,
				8B7F18B7289966D500C9CBFB /* Main.storyboard in Resources */,
				8B814C6E28A302F7000AB670 /* Roboto-BlackItalic.ttf in Resources */,
				8B814C3128A2F184000AB670 /* Montserrat-ThinItalic.otf in Resources */,
				8B814C4D28A2F184000AB670 /* MontserratAlternates-ExtraBold.otf in Resources */,
				8B814C4028A2F184000AB670 /* MontserratAlternates-ExtraBoldItalic.otf in Resources */,
				8B814C7528A302F7000AB670 /* Roboto-Regular.ttf in Resources */,
				8B814C3628A2F184000AB670 /* MontserratAlternates-Regular.otf in Resources */,
				8B814C7128A302F7000AB670 /* Roboto-Italic.ttf in Resources */,
			);
			runOnlyForDeploymentPostprocessing = 0;
		};
		8B7F18C0289966D800C9CBFB /* Resources */ = {
			isa = PBXResourcesBuildPhase;
			buildActionMask = 2147483647;
			files = (
			);
			runOnlyForDeploymentPostprocessing = 0;
		};
		8B7F18CA289966D800C9CBFB /* Resources */ = {
			isa = PBXResourcesBuildPhase;
			buildActionMask = 2147483647;
			files = (
			);
			runOnlyForDeploymentPostprocessing = 0;
		};
/* End PBXResourcesBuildPhase section */

/* Begin PBXShellScriptBuildPhase section */
		098B852766215C45D2D16568 /* [CP] Check Pods Manifest.lock */ = {
			isa = PBXShellScriptBuildPhase;
			buildActionMask = 2147483647;
			files = (
			);
			inputFileListPaths = (
			);
			inputPaths = (
				"${PODS_PODFILE_DIR_PATH}/Podfile.lock",
				"${PODS_ROOT}/Manifest.lock",
			);
			name = "[CP] Check Pods Manifest.lock";
			outputFileListPaths = (
			);
			outputPaths = (
				"$(DERIVED_FILE_DIR)/Pods-BetterSleep-checkManifestLockResult.txt",
			);
			runOnlyForDeploymentPostprocessing = 0;
			shellPath = /bin/sh;
			shellScript = "diff \"${PODS_PODFILE_DIR_PATH}/Podfile.lock\" \"${PODS_ROOT}/Manifest.lock\" > /dev/null\nif [ $? != 0 ] ; then\n    # print error to STDERR\n    echo \"error: The sandbox is not in sync with the Podfile.lock. Run 'pod install' or update your CocoaPods installation.\" >&2\n    exit 1\nfi\n# This output is used by Xcode 'outputs' to avoid re-running this script phase.\necho \"SUCCESS\" > \"${SCRIPT_OUTPUT_FILE_0}\"\n";
			showEnvVarsInLog = 0;
		};
		2047FB05D324323DCBD03207 /* [CP] Embed Pods Frameworks */ = {
			isa = PBXShellScriptBuildPhase;
			buildActionMask = 2147483647;
			files = (
			);
			inputFileListPaths = (
				"${PODS_ROOT}/Target Support Files/Pods-BetterSleep/Pods-BetterSleep-frameworks-${CONFIGURATION}-input-files.xcfilelist",
			);
			name = "[CP] Embed Pods Frameworks";
			outputFileListPaths = (
				"${PODS_ROOT}/Target Support Files/Pods-BetterSleep/Pods-BetterSleep-frameworks-${CONFIGURATION}-output-files.xcfilelist",
			);
			runOnlyForDeploymentPostprocessing = 0;
			shellPath = /bin/sh;
			shellScript = "\"${PODS_ROOT}/Target Support Files/Pods-BetterSleep/Pods-BetterSleep-frameworks.sh\"\n";
			showEnvVarsInLog = 0;
		};
		8B098B9728A79C6300E84A00 /* SwiftLint */ = {
			isa = PBXShellScriptBuildPhase;
			buildActionMask = 2147483647;
			files = (
			);
			inputFileListPaths = (
			);
			inputPaths = (
			);
			name = SwiftLint;
			outputFileListPaths = (
			);
			outputPaths = (
			);
			runOnlyForDeploymentPostprocessing = 0;
			shellPath = /bin/sh;
			shellScript = "if which swiftlint >/dev/null; then\n  \"${PODS_ROOT}/SwiftLint/swiftlint\" --path \"${PODS_ROOT}/\"\nelse\n  echo \"warning: SwiftLint not installed\"\nfi\n";
		};
		8BE3F5C7FC6DDDCE65BB711B /* [CP] Check Pods Manifest.lock */ = {
			isa = PBXShellScriptBuildPhase;
			buildActionMask = 2147483647;
			files = (
			);
			inputFileListPaths = (
			);
			inputPaths = (
				"${PODS_PODFILE_DIR_PATH}/Podfile.lock",
				"${PODS_ROOT}/Manifest.lock",
			);
			name = "[CP] Check Pods Manifest.lock";
			outputFileListPaths = (
			);
			outputPaths = (
				"$(DERIVED_FILE_DIR)/Pods-BetterSleep-BetterSleepUITests-checkManifestLockResult.txt",
			);
			runOnlyForDeploymentPostprocessing = 0;
			shellPath = /bin/sh;
			shellScript = "diff \"${PODS_PODFILE_DIR_PATH}/Podfile.lock\" \"${PODS_ROOT}/Manifest.lock\" > /dev/null\nif [ $? != 0 ] ; then\n    # print error to STDERR\n    echo \"error: The sandbox is not in sync with the Podfile.lock. Run 'pod install' or update your CocoaPods installation.\" >&2\n    exit 1\nfi\n# This output is used by Xcode 'outputs' to avoid re-running this script phase.\necho \"SUCCESS\" > \"${SCRIPT_OUTPUT_FILE_0}\"\n";
			showEnvVarsInLog = 0;
		};
		C76B0E449EDA91DEE9345820 /* [CP] Check Pods Manifest.lock */ = {
			isa = PBXShellScriptBuildPhase;
			buildActionMask = 2147483647;
			files = (
			);
			inputFileListPaths = (
			);
			inputPaths = (
				"${PODS_PODFILE_DIR_PATH}/Podfile.lock",
				"${PODS_ROOT}/Manifest.lock",
			);
			name = "[CP] Check Pods Manifest.lock";
			outputFileListPaths = (
			);
			outputPaths = (
				"$(DERIVED_FILE_DIR)/Pods-BetterSleepTests-checkManifestLockResult.txt",
			);
			runOnlyForDeploymentPostprocessing = 0;
			shellPath = /bin/sh;
			shellScript = "diff \"${PODS_PODFILE_DIR_PATH}/Podfile.lock\" \"${PODS_ROOT}/Manifest.lock\" > /dev/null\nif [ $? != 0 ] ; then\n    # print error to STDERR\n    echo \"error: The sandbox is not in sync with the Podfile.lock. Run 'pod install' or update your CocoaPods installation.\" >&2\n    exit 1\nfi\n# This output is used by Xcode 'outputs' to avoid re-running this script phase.\necho \"SUCCESS\" > \"${SCRIPT_OUTPUT_FILE_0}\"\n";
			showEnvVarsInLog = 0;
		};
		DD532EAF99753DB811C68E97 /* [CP] Embed Pods Frameworks */ = {
			isa = PBXShellScriptBuildPhase;
			buildActionMask = 2147483647;
			files = (
			);
			inputFileListPaths = (
				"${PODS_ROOT}/Target Support Files/Pods-BetterSleep-BetterSleepUITests/Pods-BetterSleep-BetterSleepUITests-frameworks-${CONFIGURATION}-input-files.xcfilelist",
			);
			name = "[CP] Embed Pods Frameworks";
			outputFileListPaths = (
				"${PODS_ROOT}/Target Support Files/Pods-BetterSleep-BetterSleepUITests/Pods-BetterSleep-BetterSleepUITests-frameworks-${CONFIGURATION}-output-files.xcfilelist",
			);
			runOnlyForDeploymentPostprocessing = 0;
			shellPath = /bin/sh;
			shellScript = "\"${PODS_ROOT}/Target Support Files/Pods-BetterSleep-BetterSleepUITests/Pods-BetterSleep-BetterSleepUITests-frameworks.sh\"\n";
			showEnvVarsInLog = 0;
		};
/* End PBXShellScriptBuildPhase section */

/* Begin PBXSourcesBuildPhase section */
		8B7F18A8289966D500C9CBFB /* Sources */ = {
			isa = PBXSourcesBuildPhase;
			buildActionMask = 2147483647;
			files = (
				F698745A2A57382E00B71CF1 /* AlamofireLogger.swift in Sources */,
				8B814C7928A3079F000AB670 /* UIView+Extension.swift in Sources */,
				8B3E3A9728C9AF230034D309 /* UICollectionView+Extension.swift in Sources */,
				F69874C42A57545200B71CF1 /* Hub.swift in Sources */,
				F69874C82A57545200B71CF1 /* Options.swift in Sources */,
				8B814C5828A2FE8A000AB670 /* DesignableView.swift in Sources */,
				8B9C195328A912A60094EAF7 /* LoginValidator.swift in Sources */,
				F69874C22A57545200B71CF1 /* Tracks.swift in Sources */,
				F69874BD2A57545200B71CF1 /* Hits.swift in Sources */,
				F69874502A5735E900B71CF1 /* NetworkManager.swift in Sources */,
				8B3E3AAD28C9FA420034D309 /* HomeCVCell.swift in Sources */,
				8BEFEE0228B8EA5C004CB01A /* HomeViewModel.swift in Sources */,
				8B9C195C28A92F1C0094EAF7 /* BS_Images.swift in Sources */,
				F606653B2A5AD9F900D8E780 /* Utility.swift in Sources */,
				F4CD4E3129D35B1300197A55 /* UITextFeild + Extension.swift in Sources */,
				F69874AD2A5743F000B71CF1 /* RequestedUrl.swift in Sources */,
				8BF0CEDA28A817AC00EEC2A4 /* Reactive+Helper.swift in Sources */,
				F655B6062A54B021002B54BE /* UIResponder + Extension.swift in Sources */,
				8B3E3AB028C9FA7A0034D309 /* HomeCVcellViewModel.swift in Sources */,
				8BF0CED728A8176C00EEC2A4 /* WelcomeViewModel.swift in Sources */,
				F655B6082A54B105002B54BE /* HomeDetailViewController.swift in Sources */,
				8B814C5728A2FE8A000AB670 /* CardView.swift in Sources */,
				8B9C195828A91AF10094EAF7 /* AlertHandler.swift in Sources */,
				8B7F18EF28996F8900C9CBFB /* Storyboards.swift in Sources */,
				8B3E3AA828C9F3200034D309 /* UITableView+Extension.swift in Sources */,
				8B0913DC28B0CE550076B9F1 /* BsTabViewController.swift in Sources */,
				8BF0CEDB28A817AC00EEC2A4 /* RxArray.swift in Sources */,
				F69874C92A57545200B71CF1 /* Artists.swift in Sources */,
				F698745F2A573A0200B71CF1 /* AppDefaults.swift in Sources */,
				F69874532A57371400B71CF1 /* Headers.swift in Sources */,
				F69874C62A57545200B71CF1 /* Actions.swift in Sources */,
				F69874632A573D6000B71CF1 /* URL + Extension.swift in Sources */,
				F606653F2A5B436500D8E780 /* UIImage + extension.swift in Sources */,
				F606653D2A5AF28C00D8E780 /* UINotification + extension.swift in Sources */,
				8B94651428A7A67800D3C457 /* BSBaseViewController.swift in Sources */,
				F69874AF2A5745F100B71CF1 /* AppConfiguration.swift in Sources */,
				8BF0CEE228A81FDB00EEC2A4 /* LoginViewModel.swift in Sources */,
				F69874AB2A5743E100B71CF1 /* ApiUrl.swift in Sources */,
				F69874A72A5743BF00B71CF1 /* EndPoint.swift in Sources */,
				F69874C72A57545200B71CF1 /* SleepMediation.swift in Sources */,
				8B3E3AA628C9EACD0034D309 /* HomeTVviewModel.swift in Sources */,
				F69874CB2A5754B400B71CF1 /* SleepMediationRepository.swift in Sources */,
				F655B60D2A54B704002B54BE /* HomeDetailViewModel.swift in Sources */,
				F69874562A5737EF00B71CF1 /* AlomofireManager.swift in Sources */,
				8B7F18ED28996E3800C9CBFB /* BetterSleepManager.swift in Sources */,
				8B7F18B0289966D500C9CBFB /* AppDelegate.swift in Sources */,
				8B9C195128A9125F0094EAF7 /* LoginRequestDTO.swift in Sources */,
				8B7F18B2289966D500C9CBFB /* SceneDelegate.swift in Sources */,
				8B7F18F42899A01400C9CBFB /* BS_Colors.swift in Sources */,
				F69874BE2A57545200B71CF1 /* Images.swift in Sources */,
				F69874C32A57545200B71CF1 /* Track.swift in Sources */,
				8BF0CEE928A839D900EEC2A4 /* SignUpViewModel.swift in Sources */,
				F698745C2A57396000B71CF1 /* MonitorNetwork.swift in Sources */,
				8B9C195528A913060094EAF7 /* String+Extension.swift in Sources */,
				8B3E3AA328C9EA100034D309 /* HomeTVcell.swift in Sources */,
				8B9C196028A94B1F0094EAF7 /* SignUpValidator.swift in Sources */,
				8BF0CEDD28A817FA00EEC2A4 /* BSBaseViewModel.swift in Sources */,
				8BF0CEE728A839C400EEC2A4 /* SignUpViewController.swift in Sources */,
				F69874C52A57545200B71CF1 /* Share.swift in Sources */,
				8B9C195A28A91B4A0094EAF7 /* TypeAliase.swift in Sources */,
				F69874A92A5743D400B71CF1 /* EndPointType.swift in Sources */,
				F69874C12A57545200B71CF1 /* Artist.swift in Sources */,
				F69874C02A57545200B71CF1 /* Beacondata.swift in Sources */,
				8BF0CEE028A81FC300EEC2A4 /* LoginViewController.swift in Sources */,
				8B9C195E28A94AE50094EAF7 /* SignUpRequestDto.swift in Sources */,
				F69874612A573D3900B71CF1 /* Dictionary + Extension.swift in Sources */,
				F69874BF2A57545200B71CF1 /* Providers.swift in Sources */,
				F418429B2916C6CB00164817 /* SleepViewController.swift in Sources */,
				8B098B9628A6DEB500E84A00 /* WelcomeViewController.swift in Sources */,
				8B7F18F128996FBF00C9CBFB /* HomeViewController.swift in Sources */,
				8B814C5A28A2FF62000AB670 /* Constants.swift in Sources */,
				8BF0CEE428A827A300EEC2A4 /* UIButton+Extesnion.swift in Sources */,
			);
			runOnlyForDeploymentPostprocessing = 0;
		};
		8B7F18BE289966D800C9CBFB /* Sources */ = {
			isa = PBXSourcesBuildPhase;
			buildActionMask = 2147483647;
			files = (
				8B7F18C7289966D800C9CBFB /* BetterSleepTests.swift in Sources */,
			);
			runOnlyForDeploymentPostprocessing = 0;
		};
		8B7F18C8289966D800C9CBFB /* Sources */ = {
			isa = PBXSourcesBuildPhase;
			buildActionMask = 2147483647;
			files = (
				8B7F18D3289966D800C9CBFB /* BetterSleepUITestsLaunchTests.swift in Sources */,
				8B7F18D1289966D800C9CBFB /* BetterSleepUITests.swift in Sources */,
			);
			runOnlyForDeploymentPostprocessing = 0;
		};
/* End PBXSourcesBuildPhase section */

/* Begin PBXTargetDependency section */
		8B7F18C4289966D800C9CBFB /* PBXTargetDependency */ = {
			isa = PBXTargetDependency;
			target = 8B7F18AB289966D500C9CBFB /* BetterSleep */;
			targetProxy = 8B7F18C3289966D800C9CBFB /* PBXContainerItemProxy */;
		};
		8B7F18CE289966D800C9CBFB /* PBXTargetDependency */ = {
			isa = PBXTargetDependency;
			target = 8B7F18AB289966D500C9CBFB /* BetterSleep */;
			targetProxy = 8B7F18CD289966D800C9CBFB /* PBXContainerItemProxy */;
		};
/* End PBXTargetDependency section */

/* Begin PBXVariantGroup section */
		8B7F18B5289966D500C9CBFB /* Main.storyboard */ = {
			isa = PBXVariantGroup;
			children = (
				8B7F18B6289966D500C9CBFB /* Base */,
			);
			name = Main.storyboard;
			sourceTree = "<group>";
		};
		8B7F18BA289966D700C9CBFB /* LaunchScreen.storyboard */ = {
			isa = PBXVariantGroup;
			children = (
				8B7F18BB289966D700C9CBFB /* Base */,
			);
			name = LaunchScreen.storyboard;
			sourceTree = "<group>";
		};
/* End PBXVariantGroup section */

/* Begin XCBuildConfiguration section */
		8B7F18D4289966D800C9CBFB /* Debug */ = {
			isa = XCBuildConfiguration;
			buildSettings = {
				ALWAYS_SEARCH_USER_PATHS = NO;
				CLANG_ANALYZER_NONNULL = YES;
				CLANG_ANALYZER_NUMBER_OBJECT_CONVERSION = YES_AGGRESSIVE;
				CLANG_CXX_LANGUAGE_STANDARD = "gnu++17";
				CLANG_ENABLE_MODULES = YES;
				CLANG_ENABLE_OBJC_ARC = YES;
				CLANG_ENABLE_OBJC_WEAK = YES;
				CLANG_WARN_BLOCK_CAPTURE_AUTORELEASING = YES;
				CLANG_WARN_BOOL_CONVERSION = YES;
				CLANG_WARN_COMMA = YES;
				CLANG_WARN_CONSTANT_CONVERSION = YES;
				CLANG_WARN_DEPRECATED_OBJC_IMPLEMENTATIONS = YES;
				CLANG_WARN_DIRECT_OBJC_ISA_USAGE = YES_ERROR;
				CLANG_WARN_DOCUMENTATION_COMMENTS = YES;
				CLANG_WARN_EMPTY_BODY = YES;
				CLANG_WARN_ENUM_CONVERSION = YES;
				CLANG_WARN_INFINITE_RECURSION = YES;
				CLANG_WARN_INT_CONVERSION = YES;
				CLANG_WARN_NON_LITERAL_NULL_CONVERSION = YES;
				CLANG_WARN_OBJC_IMPLICIT_RETAIN_SELF = YES;
				CLANG_WARN_OBJC_LITERAL_CONVERSION = YES;
				CLANG_WARN_OBJC_ROOT_CLASS = YES_ERROR;
				CLANG_WARN_QUOTED_INCLUDE_IN_FRAMEWORK_HEADER = YES;
				CLANG_WARN_RANGE_LOOP_ANALYSIS = YES;
				CLANG_WARN_STRICT_PROTOTYPES = YES;
				CLANG_WARN_SUSPICIOUS_MOVE = YES;
				CLANG_WARN_UNGUARDED_AVAILABILITY = YES_AGGRESSIVE;
				CLANG_WARN_UNREACHABLE_CODE = YES;
				CLANG_WARN__DUPLICATE_METHOD_MATCH = YES;
				COPY_PHASE_STRIP = NO;
				DEBUG_INFORMATION_FORMAT = dwarf;
				ENABLE_STRICT_OBJC_MSGSEND = YES;
				ENABLE_TESTABILITY = YES;
				GCC_C_LANGUAGE_STANDARD = gnu11;
				GCC_DYNAMIC_NO_PIC = NO;
				GCC_NO_COMMON_BLOCKS = YES;
				GCC_OPTIMIZATION_LEVEL = 0;
				GCC_PREPROCESSOR_DEFINITIONS = (
					"DEBUG=1",
					"$(inherited)",
				);
				GCC_WARN_64_TO_32_BIT_CONVERSION = YES;
				GCC_WARN_ABOUT_RETURN_TYPE = YES_ERROR;
				GCC_WARN_UNDECLARED_SELECTOR = YES;
				GCC_WARN_UNINITIALIZED_AUTOS = YES_AGGRESSIVE;
				GCC_WARN_UNUSED_FUNCTION = YES;
				GCC_WARN_UNUSED_VARIABLE = YES;
				IPHONEOS_DEPLOYMENT_TARGET = 15.5;
				MTL_ENABLE_DEBUG_INFO = INCLUDE_SOURCE;
				MTL_FAST_MATH = YES;
				ONLY_ACTIVE_ARCH = YES;
				SDKROOT = iphoneos;
				SWIFT_ACTIVE_COMPILATION_CONDITIONS = DEBUG;
				SWIFT_OPTIMIZATION_LEVEL = "-Onone";
			};
			name = Debug;
		};
		8B7F18D5289966D800C9CBFB /* Release */ = {
			isa = XCBuildConfiguration;
			buildSettings = {
				ALWAYS_SEARCH_USER_PATHS = NO;
				CLANG_ANALYZER_NONNULL = YES;
				CLANG_ANALYZER_NUMBER_OBJECT_CONVERSION = YES_AGGRESSIVE;
				CLANG_CXX_LANGUAGE_STANDARD = "gnu++17";
				CLANG_ENABLE_MODULES = YES;
				CLANG_ENABLE_OBJC_ARC = YES;
				CLANG_ENABLE_OBJC_WEAK = YES;
				CLANG_WARN_BLOCK_CAPTURE_AUTORELEASING = YES;
				CLANG_WARN_BOOL_CONVERSION = YES;
				CLANG_WARN_COMMA = YES;
				CLANG_WARN_CONSTANT_CONVERSION = YES;
				CLANG_WARN_DEPRECATED_OBJC_IMPLEMENTATIONS = YES;
				CLANG_WARN_DIRECT_OBJC_ISA_USAGE = YES_ERROR;
				CLANG_WARN_DOCUMENTATION_COMMENTS = YES;
				CLANG_WARN_EMPTY_BODY = YES;
				CLANG_WARN_ENUM_CONVERSION = YES;
				CLANG_WARN_INFINITE_RECURSION = YES;
				CLANG_WARN_INT_CONVERSION = YES;
				CLANG_WARN_NON_LITERAL_NULL_CONVERSION = YES;
				CLANG_WARN_OBJC_IMPLICIT_RETAIN_SELF = YES;
				CLANG_WARN_OBJC_LITERAL_CONVERSION = YES;
				CLANG_WARN_OBJC_ROOT_CLASS = YES_ERROR;
				CLANG_WARN_QUOTED_INCLUDE_IN_FRAMEWORK_HEADER = YES;
				CLANG_WARN_RANGE_LOOP_ANALYSIS = YES;
				CLANG_WARN_STRICT_PROTOTYPES = YES;
				CLANG_WARN_SUSPICIOUS_MOVE = YES;
				CLANG_WARN_UNGUARDED_AVAILABILITY = YES_AGGRESSIVE;
				CLANG_WARN_UNREACHABLE_CODE = YES;
				CLANG_WARN__DUPLICATE_METHOD_MATCH = YES;
				COPY_PHASE_STRIP = NO;
				DEBUG_INFORMATION_FORMAT = "dwarf-with-dsym";
				ENABLE_NS_ASSERTIONS = NO;
				ENABLE_STRICT_OBJC_MSGSEND = YES;
				GCC_C_LANGUAGE_STANDARD = gnu11;
				GCC_NO_COMMON_BLOCKS = YES;
				GCC_WARN_64_TO_32_BIT_CONVERSION = YES;
				GCC_WARN_ABOUT_RETURN_TYPE = YES_ERROR;
				GCC_WARN_UNDECLARED_SELECTOR = YES;
				GCC_WARN_UNINITIALIZED_AUTOS = YES_AGGRESSIVE;
				GCC_WARN_UNUSED_FUNCTION = YES;
				GCC_WARN_UNUSED_VARIABLE = YES;
				IPHONEOS_DEPLOYMENT_TARGET = 15.5;
				MTL_ENABLE_DEBUG_INFO = NO;
				MTL_FAST_MATH = YES;
				SDKROOT = iphoneos;
				SWIFT_COMPILATION_MODE = wholemodule;
				SWIFT_OPTIMIZATION_LEVEL = "-O";
				VALIDATE_PRODUCT = YES;
			};
			name = Release;
		};
		8B7F18D7289966D800C9CBFB /* Debug */ = {
			isa = XCBuildConfiguration;
			baseConfigurationReference = 40160B7831EB4CA6137218A2 /* Pods-BetterSleep.debug.xcconfig */;
			buildSettings = {
				API_BASE_URL = "https://shazam.p.rapidapi.com/";
				ASSETCATALOG_COMPILER_APPICON_NAME = AppIcon;
				ASSETCATALOG_COMPILER_GLOBAL_ACCENT_COLOR_NAME = AccentColor;
				CODE_SIGN_STYLE = Automatic;
				CURRENT_PROJECT_VERSION = 1;
				DEVELOPMENT_TEAM = PL5U3N3RR2;
				GENERATE_INFOPLIST_FILE = YES;
				IMAGE_BASE_URL = "https://is1-ssl.mzstatic.com/image/thumb";
				INFOPLIST_FILE = BetterSleep/Info.plist;
				INFOPLIST_KEY_CFBundleDisplayName = "Better Sleep ";
				INFOPLIST_KEY_LSApplicationCategoryType = "public.app-category.healthcare-fitness";
				INFOPLIST_KEY_UIApplicationSupportsIndirectInputEvents = YES;
				INFOPLIST_KEY_UILaunchStoryboardName = LaunchScreen;
				INFOPLIST_KEY_UIMainStoryboardFile = Authentication;
				INFOPLIST_KEY_UIStatusBarStyle = UIStatusBarStyleLightContent;
				INFOPLIST_KEY_UISupportedInterfaceOrientations = UIInterfaceOrientationPortrait;
				IPHONEOS_DEPLOYMENT_TARGET = 15.0;
				LD_RUNPATH_SEARCH_PATHS = (
					"$(inherited)",
					"@executable_path/Frameworks",
				);
				MARKETING_VERSION = 1.0;
				PRODUCT_BUNDLE_IDENTIFIER = com.ahmedMujahid.BetterSleep;
				PRODUCT_NAME = "$(TARGET_NAME)";
				SUPPORTED_PLATFORMS = "iphoneos iphonesimulator";
				SUPPORTS_MACCATALYST = NO;
				SUPPORTS_MAC_DESIGNED_FOR_IPHONE_IPAD = NO;
				SWIFT_EMIT_LOC_STRINGS = YES;
				SWIFT_VERSION = 5.0;
				TARGETED_DEVICE_FAMILY = "1,2";
			};
			name = Debug;
		};
		8B7F18D8289966D800C9CBFB /* Release */ = {
			isa = XCBuildConfiguration;
			baseConfigurationReference = B6005DD528B822621C4A153B /* Pods-BetterSleep.release.xcconfig */;
			buildSettings = {
				API_BASE_URL = "https://shazam.p.rapidapi.com/";
				ASSETCATALOG_COMPILER_APPICON_NAME = AppIcon;
				ASSETCATALOG_COMPILER_GLOBAL_ACCENT_COLOR_NAME = AccentColor;
				CODE_SIGN_STYLE = Automatic;
				CURRENT_PROJECT_VERSION = 1;
				DEVELOPMENT_TEAM = PL5U3N3RR2;
				GENERATE_INFOPLIST_FILE = YES;
				IMAGE_BASE_URL = "https://is1-ssl.mzstatic.com/image/thumb";
				INFOPLIST_FILE = BetterSleep/Info.plist;
				INFOPLIST_KEY_CFBundleDisplayName = "Better Sleep ";
				INFOPLIST_KEY_LSApplicationCategoryType = "public.app-category.healthcare-fitness";
				INFOPLIST_KEY_UIApplicationSupportsIndirectInputEvents = YES;
				INFOPLIST_KEY_UILaunchStoryboardName = LaunchScreen;
				INFOPLIST_KEY_UIMainStoryboardFile = Authentication;
				INFOPLIST_KEY_UIStatusBarStyle = UIStatusBarStyleLightContent;
				INFOPLIST_KEY_UISupportedInterfaceOrientations = UIInterfaceOrientationPortrait;
				IPHONEOS_DEPLOYMENT_TARGET = 15.0;
				LD_RUNPATH_SEARCH_PATHS = (
					"$(inherited)",
					"@executable_path/Frameworks",
				);
				MARKETING_VERSION = 1.0;
				PRODUCT_BUNDLE_IDENTIFIER = com.ahmedMujahid.BetterSleep;
				PRODUCT_NAME = "$(TARGET_NAME)";
				SUPPORTED_PLATFORMS = "iphoneos iphonesimulator";
				SUPPORTS_MACCATALYST = NO;
				SUPPORTS_MAC_DESIGNED_FOR_IPHONE_IPAD = NO;
				SWIFT_EMIT_LOC_STRINGS = YES;
				SWIFT_VERSION = 5.0;
				TARGETED_DEVICE_FAMILY = "1,2";
			};
			name = Release;
		};
		8B7F18DA289966D800C9CBFB /* Debug */ = {
			isa = XCBuildConfiguration;
			baseConfigurationReference = 3786853D867DD0B900124271 /* Pods-BetterSleepTests.debug.xcconfig */;
			buildSettings = {
				ALWAYS_EMBED_SWIFT_STANDARD_LIBRARIES = YES;
				BUNDLE_LOADER = "$(TEST_HOST)";
				CODE_SIGN_STYLE = Automatic;
				CURRENT_PROJECT_VERSION = 1;
				DEVELOPMENT_TEAM = WV3DL6QLG2;
				GENERATE_INFOPLIST_FILE = YES;
				IPHONEOS_DEPLOYMENT_TARGET = 15.5;
				MARKETING_VERSION = 1.0;
				PRODUCT_BUNDLE_IDENTIFIER = com.ilidigital.BetterSleepTests;
				PRODUCT_NAME = "$(TARGET_NAME)";
				SWIFT_EMIT_LOC_STRINGS = NO;
				SWIFT_VERSION = 5.0;
				TARGETED_DEVICE_FAMILY = "1,2";
				TEST_HOST = "$(BUILT_PRODUCTS_DIR)/BetterSleep.app/BetterSleep";
			};
			name = Debug;
		};
		8B7F18DB289966D800C9CBFB /* Release */ = {
			isa = XCBuildConfiguration;
			baseConfigurationReference = 2E609F8E53724C5D5249225C /* Pods-BetterSleepTests.release.xcconfig */;
			buildSettings = {
				ALWAYS_EMBED_SWIFT_STANDARD_LIBRARIES = YES;
				BUNDLE_LOADER = "$(TEST_HOST)";
				CODE_SIGN_STYLE = Automatic;
				CURRENT_PROJECT_VERSION = 1;
				DEVELOPMENT_TEAM = WV3DL6QLG2;
				GENERATE_INFOPLIST_FILE = YES;
				IPHONEOS_DEPLOYMENT_TARGET = 15.5;
				MARKETING_VERSION = 1.0;
				PRODUCT_BUNDLE_IDENTIFIER = com.ilidigital.BetterSleepTests;
				PRODUCT_NAME = "$(TARGET_NAME)";
				SWIFT_EMIT_LOC_STRINGS = NO;
				SWIFT_VERSION = 5.0;
				TARGETED_DEVICE_FAMILY = "1,2";
				TEST_HOST = "$(BUILT_PRODUCTS_DIR)/BetterSleep.app/BetterSleep";
			};
			name = Release;
		};
		8B7F18DD289966D800C9CBFB /* Debug */ = {
			isa = XCBuildConfiguration;
			baseConfigurationReference = FC3888DA6752A9BA3963B412 /* Pods-BetterSleep-BetterSleepUITests.debug.xcconfig */;
			buildSettings = {
				ALWAYS_EMBED_SWIFT_STANDARD_LIBRARIES = YES;
				CODE_SIGN_STYLE = Automatic;
				CURRENT_PROJECT_VERSION = 1;
				DEVELOPMENT_TEAM = WV3DL6QLG2;
				GENERATE_INFOPLIST_FILE = YES;
				MARKETING_VERSION = 1.0;
				PRODUCT_BUNDLE_IDENTIFIER = com.ilidigital.BetterSleepUITests;
				PRODUCT_NAME = "$(TARGET_NAME)";
				SWIFT_EMIT_LOC_STRINGS = NO;
				SWIFT_VERSION = 5.0;
				TARGETED_DEVICE_FAMILY = "1,2";
				TEST_TARGET_NAME = BetterSleep;
			};
			name = Debug;
		};
		8B7F18DE289966D800C9CBFB /* Release */ = {
			isa = XCBuildConfiguration;
			baseConfigurationReference = D9F49E788D861F0191052FED /* Pods-BetterSleep-BetterSleepUITests.release.xcconfig */;
			buildSettings = {
				ALWAYS_EMBED_SWIFT_STANDARD_LIBRARIES = YES;
				CODE_SIGN_STYLE = Automatic;
				CURRENT_PROJECT_VERSION = 1;
				DEVELOPMENT_TEAM = WV3DL6QLG2;
				GENERATE_INFOPLIST_FILE = YES;
				MARKETING_VERSION = 1.0;
				PRODUCT_BUNDLE_IDENTIFIER = com.ilidigital.BetterSleepUITests;
				PRODUCT_NAME = "$(TARGET_NAME)";
				SWIFT_EMIT_LOC_STRINGS = NO;
				SWIFT_VERSION = 5.0;
				TARGETED_DEVICE_FAMILY = "1,2";
				TEST_TARGET_NAME = BetterSleep;
			};
			name = Release;
		};
/* End XCBuildConfiguration section */

/* Begin XCConfigurationList section */
		8B7F18A7289966D500C9CBFB /* Build configuration list for PBXProject "BetterSleep" */ = {
			isa = XCConfigurationList;
			buildConfigurations = (
				8B7F18D4289966D800C9CBFB /* Debug */,
				8B7F18D5289966D800C9CBFB /* Release */,
			);
			defaultConfigurationIsVisible = 0;
			defaultConfigurationName = Release;
		};
		8B7F18D6289966D800C9CBFB /* Build configuration list for PBXNativeTarget "BetterSleep" */ = {
			isa = XCConfigurationList;
			buildConfigurations = (
				8B7F18D7289966D800C9CBFB /* Debug */,
				8B7F18D8289966D800C9CBFB /* Release */,
			);
			defaultConfigurationIsVisible = 0;
			defaultConfigurationName = Release;
		};
		8B7F18D9289966D800C9CBFB /* Build configuration list for PBXNativeTarget "BetterSleepTests" */ = {
			isa = XCConfigurationList;
			buildConfigurations = (
				8B7F18DA289966D800C9CBFB /* Debug */,
				8B7F18DB289966D800C9CBFB /* Release */,
			);
			defaultConfigurationIsVisible = 0;
			defaultConfigurationName = Release;
		};
		8B7F18DC289966D800C9CBFB /* Build configuration list for PBXNativeTarget "BetterSleepUITests" */ = {
			isa = XCConfigurationList;
			buildConfigurations = (
				8B7F18DD289966D800C9CBFB /* Debug */,
				8B7F18DE289966D800C9CBFB /* Release */,
			);
			defaultConfigurationIsVisible = 0;
			defaultConfigurationName = Release;
		};
/* End XCConfigurationList section */
	};
	rootObject = 8B7F18A4289966D500C9CBFB /* Project object */;
}
